// !$*UTF8*$!
{
	archiveVersion = 1;
	classes = {
	};
	objectVersion = 46;
	objects = {

/* Begin PBXBuildFile section */
		F42C4CB719618DE50015CBF4 /* Foundation.framework in Frameworks */ = {isa = PBXBuildFile; fileRef = F42C4CB619618DE50015CBF4 /* Foundation.framework */; };
		F42C4CB919618DE50015CBF4 /* CoreGraphics.framework in Frameworks */ = {isa = PBXBuildFile; fileRef = F42C4CB819618DE50015CBF4 /* CoreGraphics.framework */; };
		F42C4CBB19618DE50015CBF4 /* UIKit.framework in Frameworks */ = {isa = PBXBuildFile; fileRef = F42C4CBA19618DE50015CBF4 /* UIKit.framework */; };
		F42C4CC119618DE50015CBF4 /* InfoPlist.strings in Resources */ = {isa = PBXBuildFile; fileRef = F42C4CBF19618DE50015CBF4 /* InfoPlist.strings */; };
		F42C4CC319618DE50015CBF4 /* main.m in Sources */ = {isa = PBXBuildFile; fileRef = F42C4CC219618DE50015CBF4 /* main.m */; };
		F42C4CC719618DE50015CBF4 /* AppDelegate.m in Sources */ = {isa = PBXBuildFile; fileRef = F42C4CC619618DE50015CBF4 /* AppDelegate.m */; };
		F42C4CCA19618DE50015CBF4 /* Main.storyboard in Resources */ = {isa = PBXBuildFile; fileRef = F42C4CC819618DE50015CBF4 /* Main.storyboard */; };
		F42C4CCD19618DE50015CBF4 /* ViewController.m in Sources */ = {isa = PBXBuildFile; fileRef = F42C4CCC19618DE50015CBF4 /* ViewController.m */; };
		F42C4CCF19618DE50015CBF4 /* Images.xcassets in Resources */ = {isa = PBXBuildFile; fileRef = F42C4CCE19618DE50015CBF4 /* Images.xcassets */; };
		F42C4CD619618DE50015CBF4 /* XCTest.framework in Frameworks */ = {isa = PBXBuildFile; fileRef = F42C4CD519618DE50015CBF4 /* XCTest.framework */; };
		F42C4CD719618DE50015CBF4 /* Foundation.framework in Frameworks */ = {isa = PBXBuildFile; fileRef = F42C4CB619618DE50015CBF4 /* Foundation.framework */; };
		F42C4CD819618DE50015CBF4 /* UIKit.framework in Frameworks */ = {isa = PBXBuildFile; fileRef = F42C4CBA19618DE50015CBF4 /* UIKit.framework */; };
		F42C4CE019618DE50015CBF4 /* InfoPlist.strings in Resources */ = {isa = PBXBuildFile; fileRef = F42C4CDE19618DE50015CBF4 /* InfoPlist.strings */; };
		F42C4CE219618DE50015CBF4 /* Flappy_BirdTests.m in Sources */ = {isa = PBXBuildFile; fileRef = F42C4CE119618DE50015CBF4 /* Flappy_BirdTests.m */; };
		F42C4CEF1961903B0015CBF4 /* Game.m in Sources */ = {isa = PBXBuildFile; fileRef = F42C4CEE1961903B0015CBF4 /* Game.m */; };
		F42C4D02196197CB0015CBF4 /* bg.png in Resources */ = {isa = PBXBuildFile; fileRef = F42C4CFC196197CB0015CBF4 /* bg.png */; };
		F42C4D03196197CB0015CBF4 /* bird.png in Resources */ = {isa = PBXBuildFile; fileRef = F42C4CFD196197CB0015CBF4 /* bird.png */; };
		F42C4D04196197CB0015CBF4 /* birdDown.png in Resources */ = {isa = PBXBuildFile; fileRef = F42C4CFE196197CB0015CBF4 /* birdDown.png */; };
		F42C4D05196197CB0015CBF4 /* birdUp.png in Resources */ = {isa = PBXBuildFile; fileRef = F42C4CFF196197CB0015CBF4 /* birdUp.png */; };
		F42C4D06196197CB0015CBF4 /* mitte.png in Resources */ = {isa = PBXBuildFile; fileRef = F42C4D00196197CB0015CBF4 /* mitte.png */; };
		F42C4D07196197CB0015CBF4 /* oben.png in Resources */ = {isa = PBXBuildFile; fileRef = F42C4D01196197CB0015CBF4 /* oben.png */; };
		F42C4D0A1961AB190015CBF4 /* bgTop.png in Resources */ = {isa = PBXBuildFile; fileRef = F42C4D081961AB190015CBF4 /* bgTop.png */; };
		F42C4D0B1961AB190015CBF4 /* birdUp.png in Resources */ = {isa = PBXBuildFile; fileRef = F42C4D091961AB190015CBF4 /* birdUp.png */; };
		F42C4D0D1961AB370015CBF4 /* bgBottom.png in Resources */ = {isa = PBXBuildFile; fileRef = F42C4D0C1961AB370015CBF4 /* bgBottom.png */; };
/* End PBXBuildFile section */

/* Begin PBXContainerItemProxy section */
		F42C4CD919618DE50015CBF4 /* PBXContainerItemProxy */ = {
			isa = PBXContainerItemProxy;
			containerPortal = F42C4CAB19618DE50015CBF4 /* Project object */;
			proxyType = 1;
			remoteGlobalIDString = F42C4CB219618DE50015CBF4;
			remoteInfo = "Flappy Bird";
		};
/* End PBXContainerItemProxy section */

/* Begin PBXFileReference section */
		F42C4CB319618DE50015CBF4 /* Flappy Bird.app */ = {isa = PBXFileReference; explicitFileType = wrapper.application; includeInIndex = 0; path = "Flappy Bird.app"; sourceTree = BUILT_PRODUCTS_DIR; };
		F42C4CB619618DE50015CBF4 /* Foundation.framework */ = {isa = PBXFileReference; lastKnownFileType = wrapper.framework; name = Foundation.framework; path = System/Library/Frameworks/Foundation.framework; sourceTree = SDKROOT; };
		F42C4CB819618DE50015CBF4 /* CoreGraphics.framework */ = {isa = PBXFileReference; lastKnownFileType = wrapper.framework; name = CoreGraphics.framework; path = System/Library/Frameworks/CoreGraphics.framework; sourceTree = SDKROOT; };
		F42C4CBA19618DE50015CBF4 /* UIKit.framework */ = {isa = PBXFileReference; lastKnownFileType = wrapper.framework; name = UIKit.framework; path = System/Library/Frameworks/UIKit.framework; sourceTree = SDKROOT; };
		F42C4CBE19618DE50015CBF4 /* Flappy Bird-Info.plist */ = {isa = PBXFileReference; lastKnownFileType = text.plist.xml; path = "Flappy Bird-Info.plist"; sourceTree = "<group>"; };
		F42C4CC019618DE50015CBF4 /* en */ = {isa = PBXFileReference; lastKnownFileType = text.plist.strings; name = en; path = en.lproj/InfoPlist.strings; sourceTree = "<group>"; };
		F42C4CC219618DE50015CBF4 /* main.m */ = {isa = PBXFileReference; lastKnownFileType = sourcecode.c.objc; path = main.m; sourceTree = "<group>"; };
		F42C4CC419618DE50015CBF4 /* Flappy Bird-Prefix.pch */ = {isa = PBXFileReference; lastKnownFileType = sourcecode.c.h; path = "Flappy Bird-Prefix.pch"; sourceTree = "<group>"; };
		F42C4CC519618DE50015CBF4 /* AppDelegate.h */ = {isa = PBXFileReference; lastKnownFileType = sourcecode.c.h; path = AppDelegate.h; sourceTree = "<group>"; };
		F42C4CC619618DE50015CBF4 /* AppDelegate.m */ = {isa = PBXFileReference; lastKnownFileType = sourcecode.c.objc; path = AppDelegate.m; sourceTree = "<group>"; };
		F42C4CC919618DE50015CBF4 /* Base */ = {isa = PBXFileReference; lastKnownFileType = file.storyboard; name = Base; path = Base.lproj/Main.storyboard; sourceTree = "<group>"; };
		F42C4CCB19618DE50015CBF4 /* ViewController.h */ = {isa = PBXFileReference; lastKnownFileType = sourcecode.c.h; path = ViewController.h; sourceTree = "<group>"; };
		F42C4CCC19618DE50015CBF4 /* ViewController.m */ = {isa = PBXFileReference; lastKnownFileType = sourcecode.c.objc; path = ViewController.m; sourceTree = "<group>"; };
		F42C4CCE19618DE50015CBF4 /* Images.xcassets */ = {isa = PBXFileReference; lastKnownFileType = folder.assetcatalog; path = Images.xcassets; sourceTree = "<group>"; };
		F42C4CD419618DE50015CBF4 /* Flappy BirdTests.xctest */ = {isa = PBXFileReference; explicitFileType = wrapper.cfbundle; includeInIndex = 0; path = "Flappy BirdTests.xctest"; sourceTree = BUILT_PRODUCTS_DIR; };
		F42C4CD519618DE50015CBF4 /* XCTest.framework */ = {isa = PBXFileReference; lastKnownFileType = wrapper.framework; name = XCTest.framework; path = Library/Frameworks/XCTest.framework; sourceTree = DEVELOPER_DIR; };
		F42C4CDD19618DE50015CBF4 /* Flappy BirdTests-Info.plist */ = {isa = PBXFileReference; lastKnownFileType = text.plist.xml; path = "Flappy BirdTests-Info.plist"; sourceTree = "<group>"; };
		F42C4CDF19618DE50015CBF4 /* en */ = {isa = PBXFileReference; lastKnownFileType = text.plist.strings; name = en; path = en.lproj/InfoPlist.strings; sourceTree = "<group>"; };
		F42C4CE119618DE50015CBF4 /* Flappy_BirdTests.m */ = {isa = PBXFileReference; lastKnownFileType = sourcecode.c.objc; path = Flappy_BirdTests.m; sourceTree = "<group>"; };
		F42C4CED1961903B0015CBF4 /* Game.h */ = {isa = PBXFileReference; fileEncoding = 4; lastKnownFileType = sourcecode.c.h; name = Game.h; path = ../Game.h; sourceTree = "<group>"; };
		F42C4CEE1961903B0015CBF4 /* Game.m */ = {isa = PBXFileReference; fileEncoding = 4; lastKnownFileType = sourcecode.c.objc; name = Game.m; path = ../Game.m; sourceTree = "<group>"; };
		F42C4CFC196197CB0015CBF4 /* bg.png */ = {isa = PBXFileReference; lastKnownFileType = image.png; path = bg.png; sourceTree = "<group>"; };
		F42C4CFD196197CB0015CBF4 /* bird.png */ = {isa = PBXFileReference; lastKnownFileType = image.png; path = bird.png; sourceTree = "<group>"; };
		F42C4CFE196197CB0015CBF4 /* birdDown.png */ = {isa = PBXFileReference; lastKnownFileType = image.png; path = birdDown.png; sourceTree = "<group>"; };
		F42C4CFF196197CB0015CBF4 /* birdUp.png */ = {isa = PBXFileReference; lastKnownFileType = image.png; path = birdUp.png; sourceTree = "<group>"; };
		F42C4D00196197CB0015CBF4 /* mitte.png */ = {isa = PBXFileReference; lastKnownFileType = image.png; path = mitte.png; sourceTree = "<group>"; };
		F42C4D01196197CB0015CBF4 /* oben.png */ = {isa = PBXFileReference; lastKnownFileType = image.png; path = oben.png; sourceTree = "<group>"; };
		F42C4D081961AB190015CBF4 /* bgTop.png */ = {isa = PBXFileReference; lastKnownFileType = image.png; path = bgTop.png; sourceTree = "<group>"; };
		F42C4D091961AB190015CBF4 /* birdUp.png */ = {isa = PBXFileReference; lastKnownFileType = image.png; path = birdUp.png; sourceTree = "<group>"; };
		F42C4D0C1961AB370015CBF4 /* bgBottom.png */ = {isa = PBXFileReference; lastKnownFileType = image.png; path = bgBottom.png; sourceTree = "<group>"; };
/* End PBXFileReference section */

/* Begin PBXFrameworksBuildPhase section */
		F42C4CB019618DE50015CBF4 /* Frameworks */ = {
			isa = PBXFrameworksBuildPhase;
			buildActionMask = 2147483647;
			files = (
				F42C4CB919618DE50015CBF4 /* CoreGraphics.framework in Frameworks */,
				F42C4CBB19618DE50015CBF4 /* UIKit.framework in Frameworks */,
				F42C4CB719618DE50015CBF4 /* Foundation.framework in Frameworks */,
			);
			runOnlyForDeploymentPostprocessing = 0;
		};
		F42C4CD119618DE50015CBF4 /* Frameworks */ = {
			isa = PBXFrameworksBuildPhase;
			buildActionMask = 2147483647;
			files = (
				F42C4CD619618DE50015CBF4 /* XCTest.framework in Frameworks */,
				F42C4CD819618DE50015CBF4 /* UIKit.framework in Frameworks */,
				F42C4CD719618DE50015CBF4 /* Foundation.framework in Frameworks */,
			);
			runOnlyForDeploymentPostprocessing = 0;
		};
/* End PBXFrameworksBuildPhase section */

/* Begin PBXGroup section */
		F42C4CAA19618DE50015CBF4 = {
			isa = PBXGroup;
			children = (
				F42C4CBC19618DE50015CBF4 /* Flappy Bird */,
				F42C4CDB19618DE50015CBF4 /* Flappy BirdTests */,
				F42C4CB519618DE50015CBF4 /* Frameworks */,
				F42C4CB419618DE50015CBF4 /* Products */,
			);
			sourceTree = "<group>";
		};
		F42C4CB419618DE50015CBF4 /* Products */ = {
			isa = PBXGroup;
			children = (
				F42C4CB319618DE50015CBF4 /* Flappy Bird.app */,
				F42C4CD419618DE50015CBF4 /* Flappy BirdTests.xctest */,
			);
			name = Products;
			sourceTree = "<group>";
		};
		F42C4CB519618DE50015CBF4 /* Frameworks */ = {
			isa = PBXGroup;
			children = (
				F42C4CB619618DE50015CBF4 /* Foundation.framework */,
				F42C4CB819618DE50015CBF4 /* CoreGraphics.framework */,
				F42C4CBA19618DE50015CBF4 /* UIKit.framework */,
				F42C4CD519618DE50015CBF4 /* XCTest.framework */,
			);
			name = Frameworks;
			sourceTree = "<group>";
		};
		F42C4CBC19618DE50015CBF4 /* Flappy Bird */ = {
			isa = PBXGroup;
			children = (
				F42C4CC519618DE50015CBF4 /* AppDelegate.h */,
				F42C4CC619618DE50015CBF4 /* AppDelegate.m */,
				F42C4CC819618DE50015CBF4 /* Main.storyboard */,
				F42C4CCB19618DE50015CBF4 /* ViewController.h */,
				F42C4CCC19618DE50015CBF4 /* ViewController.m */,
				F42C4CED1961903B0015CBF4 /* Game.h */,
				F42C4CEE1961903B0015CBF4 /* Game.m */,
				F42C4CCE19618DE50015CBF4 /* Images.xcassets */,
				F42C4CBD19618DE50015CBF4 /* Supporting Files */,
			);
			path = "Flappy Bird";
			sourceTree = "<group>";
		};
		F42C4CBD19618DE50015CBF4 /* Supporting Files */ = {
			isa = PBXGroup;
			children = (
				F42C4D081961AB190015CBF4 /* bgTop.png */,
				F42C4D0C1961AB370015CBF4 /* bgBottom.png */,
				F42C4D091961AB190015CBF4 /* birdUp.png */,
				F42C4CFC196197CB0015CBF4 /* bg.png */,
				F42C4CFD196197CB0015CBF4 /* bird.png */,
				F42C4CFE196197CB0015CBF4 /* birdDown.png */,
				F42C4CFF196197CB0015CBF4 /* birdUp.png */,
				F42C4D00196197CB0015CBF4 /* mitte.png */,
				F42C4D01196197CB0015CBF4 /* oben.png */,
				F42C4CBE19618DE50015CBF4 /* Flappy Bird-Info.plist */,
				F42C4CBF19618DE50015CBF4 /* InfoPlist.strings */,
				F42C4CC219618DE50015CBF4 /* main.m */,
				F42C4CC419618DE50015CBF4 /* Flappy Bird-Prefix.pch */,
			);
			name = "Supporting Files";
			sourceTree = "<group>";
		};
		F42C4CDB19618DE50015CBF4 /* Flappy BirdTests */ = {
			isa = PBXGroup;
			children = (
				F42C4CE119618DE50015CBF4 /* Flappy_BirdTests.m */,
				F42C4CDC19618DE50015CBF4 /* Supporting Files */,
			);
			path = "Flappy BirdTests";
			sourceTree = "<group>";
		};
		F42C4CDC19618DE50015CBF4 /* Supporting Files */ = {
			isa = PBXGroup;
			children = (
				F42C4CDD19618DE50015CBF4 /* Flappy BirdTests-Info.plist */,
				F42C4CDE19618DE50015CBF4 /* InfoPlist.strings */,
			);
			name = "Supporting Files";
			sourceTree = "<group>";
		};
/* End PBXGroup section */

/* Begin PBXNativeTarget section */
		F42C4CB219618DE50015CBF4 /* Flappy Bird */ = {
			isa = PBXNativeTarget;
			buildConfigurationList = F42C4CE519618DE50015CBF4 /* Build configuration list for PBXNativeTarget "Flappy Bird" */;
			buildPhases = (
				F42C4CAF19618DE50015CBF4 /* Sources */,
				F42C4CB019618DE50015CBF4 /* Frameworks */,
				F42C4CB119618DE50015CBF4 /* Resources */,
			);
			buildRules = (
			);
			dependencies = (
			);
			name = "Flappy Bird";
			productName = "Flappy Bird";
			productReference = F42C4CB319618DE50015CBF4 /* Flappy Bird.app */;
			productType = "com.apple.product-type.application";
		};
		F42C4CD319618DE50015CBF4 /* Flappy BirdTests */ = {
			isa = PBXNativeTarget;
			buildConfigurationList = F42C4CE819618DE50015CBF4 /* Build configuration list for PBXNativeTarget "Flappy BirdTests" */;
			buildPhases = (
				F42C4CD019618DE50015CBF4 /* Sources */,
				F42C4CD119618DE50015CBF4 /* Frameworks */,
				F42C4CD219618DE50015CBF4 /* Resources */,
			);
			buildRules = (
			);
			dependencies = (
				F42C4CDA19618DE50015CBF4 /* PBXTargetDependency */,
			);
			name = "Flappy BirdTests";
			productName = "Flappy BirdTests";
			productReference = F42C4CD419618DE50015CBF4 /* Flappy BirdTests.xctest */;
			productType = "com.apple.product-type.bundle.unit-test";
		};
/* End PBXNativeTarget section */

/* Begin PBXProject section */
		F42C4CAB19618DE50015CBF4 /* Project object */ = {
			isa = PBXProject;
			attributes = {
				LastUpgradeCheck = 0510;
				ORGANIZATIONNAME = "Anthony Castor";
				TargetAttributes = {
					F42C4CD319618DE50015CBF4 = {
						TestTargetID = F42C4CB219618DE50015CBF4;
					};
				};
			};
			buildConfigurationList = F42C4CAE19618DE50015CBF4 /* Build configuration list for PBXProject "Flappy Bird" */;
			compatibilityVersion = "Xcode 3.2";
			developmentRegion = English;
			hasScannedForEncodings = 0;
			knownRegions = (
				en,
				Base,
			);
			mainGroup = F42C4CAA19618DE50015CBF4;
			productRefGroup = F42C4CB419618DE50015CBF4 /* Products */;
			projectDirPath = "";
			projectRoot = "";
			targets = (
				F42C4CB219618DE50015CBF4 /* Flappy Bird */,
				F42C4CD319618DE50015CBF4 /* Flappy BirdTests */,
			);
		};
/* End PBXProject section */

/* Begin PBXResourcesBuildPhase section */
		F42C4CB119618DE50015CBF4 /* Resources */ = {
			isa = PBXResourcesBuildPhase;
			buildActionMask = 2147483647;
			files = (
				F42C4D0A1961AB190015CBF4 /* bgTop.png in Resources */,
				F42C4D04196197CB0015CBF4 /* birdDown.png in Resources */,
				F42C4CCF19618DE50015CBF4 /* Images.xcassets in Resources */,
				F42C4D0B1961AB190015CBF4 /* birdUp.png in Resources */,
				F42C4D07196197CB0015CBF4 /* oben.png in Resources */,
				F42C4D05196197CB0015CBF4 /* birdUp.png in Resources */,
				F42C4D03196197CB0015CBF4 /* bird.png in Resources */,
				F42C4CC119618DE50015CBF4 /* InfoPlist.strings in Resources */,
				F42C4D02196197CB0015CBF4 /* bg.png in Resources */,
				F42C4D0D1961AB370015CBF4 /* bgBottom.png in Resources */,
				F42C4CCA19618DE50015CBF4 /* Main.storyboard in Resources */,
				F42C4D06196197CB0015CBF4 /* mitte.png in Resources */,
			);
			runOnlyForDeploymentPostprocessing = 0;
		};
		F42C4CD219618DE50015CBF4 /* Resources */ = {
			isa = PBXResourcesBuildPhase;
			buildActionMask = 2147483647;
			files = (
				F42C4CE019618DE50015CBF4 /* InfoPlist.strings in Resources */,
			);
			runOnlyForDeploymentPostprocessing = 0;
		};
/* End PBXResourcesBuildPhase section */

/* Begin PBXSourcesBuildPhase section */
		F42C4CAF19618DE50015CBF4 /* Sources */ = {
			isa = PBXSourcesBuildPhase;
			buildActionMask = 2147483647;
			files = (
				F42C4CCD19618DE50015CBF4 /* ViewController.m in Sources */,
				F42C4CC719618DE50015CBF4 /* AppDelegate.m in Sources */,
				F42C4CC319618DE50015CBF4 /* main.m in Sources */,
				F42C4CEF1961903B0015CBF4 /* Game.m in Sources */,
			);
			runOnlyForDeploymentPostprocessing = 0;
		};
		F42C4CD019618DE50015CBF4 /* Sources */ = {
			isa = PBXSourcesBuildPhase;
			buildActionMask = 2147483647;
			files = (
				F42C4CE219618DE50015CBF4 /* Flappy_BirdTests.m in Sources */,
			);
			runOnlyForDeploymentPostprocessing = 0;
		};
/* End PBXSourcesBuildPhase section */

/* Begin PBXTargetDependency section */
		F42C4CDA19618DE50015CBF4 /* PBXTargetDependency */ = {
			isa = PBXTargetDependency;
			target = F42C4CB219618DE50015CBF4 /* Flappy Bird */;
			targetProxy = F42C4CD919618DE50015CBF4 /* PBXContainerItemProxy */;
		};
/* End PBXTargetDependency section */

/* Begin PBXVariantGroup section */
		F42C4CBF19618DE50015CBF4 /* InfoPlist.strings */ = {
			isa = PBXVariantGroup;
			children = (
				F42C4CC019618DE50015CBF4 /* en */,
			);
			name = InfoPlist.strings;
			sourceTree = "<group>";
		};
		F42C4CC819618DE50015CBF4 /* Main.storyboard */ = {
			isa = PBXVariantGroup;
			children = (
				F42C4CC919618DE50015CBF4 /* Base */,
			);
			name = Main.storyboard;
			sourceTree = "<group>";
		};
		F42C4CDE19618DE50015CBF4 /* InfoPlist.strings */ = {
			isa = PBXVariantGroup;
			children = (
				F42C4CDF19618DE50015CBF4 /* en */,
			);
			name = InfoPlist.strings;
			sourceTree = "<group>";
		};
/* End PBXVariantGroup section */

/* Begin XCBuildConfiguration section */
		F42C4CE319618DE50015CBF4 /* Debug */ = {
			isa = XCBuildConfiguration;
			buildSettings = {
				ALWAYS_SEARCH_USER_PATHS = NO;
				CLANG_CXX_LANGUAGE_STANDARD = "gnu++0x";
				CLANG_CXX_LIBRARY = "libc++";
				CLANG_ENABLE_MODULES = YES;
				CLANG_ENABLE_OBJC_ARC = YES;
				CLANG_WARN_BOOL_CONVERSION = YES;
				CLANG_WARN_CONSTANT_CONVERSION = YES;
				CLANG_WARN_DIRECT_OBJC_ISA_USAGE = YES_ERROR;
				CLANG_WARN_EMPTY_BODY = YES;
				CLANG_WARN_ENUM_CONVERSION = YES;
				CLANG_WARN_INT_CONVERSION = YES;
				CLANG_WARN_OBJC_ROOT_CLASS = YES_ERROR;
				CLANG_WARN__DUPLICATE_METHOD_MATCH = YES;
				"CODE_SIGN_IDENTITY[sdk=iphoneos*]" = "iPhone Developer";
				COPY_PHASE_STRIP = NO;
				GCC_C_LANGUAGE_STANDARD = gnu99;
				GCC_DYNAMIC_NO_PIC = NO;
				GCC_OPTIMIZATION_LEVEL = 0;
				GCC_PREPROCESSOR_DEFINITIONS = (
					"DEBUG=1",
					"$(inherited)",
				);
				GCC_SYMBOLS_PRIVATE_EXTERN = NO;
				GCC_WARN_64_TO_32_BIT_CONVERSION = YES;
				GCC_WARN_ABOUT_RETURN_TYPE = YES_ERROR;
				GCC_WARN_UNDECLARED_SELECTOR = YES;
				GCC_WARN_UNINITIALIZED_AUTOS = YES_AGGRESSIVE;
				GCC_WARN_UNUSED_FUNCTION = YES;
				GCC_WARN_UNUSED_VARIABLE = YES;
				IPHONEOS_DEPLOYMENT_TARGET = 7.1;
				ONLY_ACTIVE_ARCH = YES;
				SDKROOT = iphoneos;
			};
			name = Debug;
		};
		F42C4CE419618DE50015CBF4 /* Release */ = {
			isa = XCBuildConfiguration;
			buildSettings = {
				ALWAYS_SEARCH_USER_PATHS = NO;
				CLANG_CXX_LANGUAGE_STANDARD = "gnu++0x";
				CLANG_CXX_LIBRARY = "libc++";
				CLANG_ENABLE_MODULES = YES;
				CLANG_ENABLE_OBJC_ARC = YES;
				CLANG_WARN_BOOL_CONVERSION = YES;
				CLANG_WARN_CONSTANT_CONVERSION = YES;
				CLANG_WARN_DIRECT_OBJC_ISA_USAGE = YES_ERROR;
				CLANG_WARN_EMPTY_BODY = YES;
				CLANG_WARN_ENUM_CONVERSION = YES;
				CLANG_WARN_INT_CONVERSION = YES;
				CLANG_WARN_OBJC_ROOT_CLASS = YES_ERROR;
				CLANG_WARN__DUPLICATE_METHOD_MATCH = YES;
				"CODE_SIGN_IDENTITY[sdk=iphoneos*]" = "iPhone Developer";
				COPY_PHASE_STRIP = YES;
				ENABLE_NS_ASSERTIONS = NO;
				GCC_C_LANGUAGE_STANDARD = gnu99;
				GCC_WARN_64_TO_32_BIT_CONVERSION = YES;
				GCC_WARN_ABOUT_RETURN_TYPE = YES_ERROR;
				GCC_WARN_UNDECLARED_SELECTOR = YES;
				GCC_WARN_UNINITIALIZED_AUTOS = YES_AGGRESSIVE;
				GCC_WARN_UNUSED_FUNCTION = YES;
				GCC_WARN_UNUSED_VARIABLE = YES;
				IPHONEOS_DEPLOYMENT_TARGET = 7.1;
				SDKROOT = iphoneos;
				VALIDATE_PRODUCT = YES;
			};
			name = Release;
		};
		F42C4CE619618DE50015CBF4 /* Debug */ = {
			isa = XCBuildConfiguration;
			buildSettings = {
				ASSETCATALOG_COMPILER_APPICON_NAME = AppIcon;
				ASSETCATALOG_COMPILER_LAUNCHIMAGE_NAME = LaunchImage;
				GCC_PRECOMPILE_PREFIX_HEADER = YES;
				GCC_PREFIX_HEADER = "Flappy Bird/Flappy Bird-Prefix.pch";
				INFOPLIST_FILE = "Flappy Bird/Flappy Bird-Info.plist";
				PRODUCT_NAME = "$(TARGET_NAME)";
				WRAPPER_EXTENSION = app;
			};
			name = Debug;
		};
		F42C4CE719618DE50015CBF4 /* Release */ = {
			isa = XCBuildConfiguration;
			buildSettings = {
				ASSETCATALOG_COMPILER_APPICON_NAME = AppIcon;
				ASSETCATALOG_COMPILER_LAUNCHIMAGE_NAME = LaunchImage;
				GCC_PRECOMPILE_PREFIX_HEADER = YES;
				GCC_PREFIX_HEADER = "Flappy Bird/Flappy Bird-Prefix.pch";
				INFOPLIST_FILE = "Flappy Bird/Flappy Bird-Info.plist";
				PRODUCT_NAME = "$(TARGET_NAME)";
				WRAPPER_EXTENSION = app;
			};
			name = Release;
		};
		F42C4CE919618DE50015CBF4 /* Debug */ = {
			isa = XCBuildConfiguration;
			buildSettings = {
				BUNDLE_LOADER = "$(BUILT_PRODUCTS_DIR)/Flappy Bird.app/Flappy Bird";
				FRAMEWORK_SEARCH_PATHS = (
					"$(SDKROOT)/Developer/Library/Frameworks",
					"$(inherited)",
					"$(DEVELOPER_FRAMEWORKS_DIR)",
				);
				GCC_PRECOMPILE_PREFIX_HEADER = YES;
				GCC_PREFIX_HEADER = "Flappy Bird/Flappy Bird-Prefix.pch";
				GCC_PREPROCESSOR_DEFINITIONS = (
					"DEBUG=1",
					"$(inherited)",
				);
				INFOPLIST_FILE = "Flappy BirdTests/Flappy BirdTests-Info.plist";
				PRODUCT_NAME = "$(TARGET_NAME)";
				TEST_HOST = "$(BUNDLE_LOADER)";
				WRAPPER_EXTENSION = xctest;
			};
			name = Debug;
		};
		F42C4CEA19618DE50015CBF4 /* Release */ = {
			isa = XCBuildConfiguration;
			buildSettings = {
				BUNDLE_LOADER = "$(BUILT_PRODUCTS_DIR)/Flappy Bird.app/Flappy Bird";
				FRAMEWORK_SEARCH_PATHS = (
					"$(SDKROOT)/Developer/Library/Frameworks",
					"$(inherited)",
					"$(DEVELOPER_FRAMEWORKS_DIR)",
				);
				GCC_PRECOMPILE_PREFIX_HEADER = YES;
				GCC_PREFIX_HEADER = "Flappy Bird/Flappy Bird-Prefix.pch";
				INFOPLIST_FILE = "Flappy BirdTests/Flappy BirdTests-Info.plist";
				PRODUCT_NAME = "$(TARGET_NAME)";
				TEST_HOST = "$(BUNDLE_LOADER)";
				WRAPPER_EXTENSION = xctest;
			};
			name = Release;
		};
/* End XCBuildConfiguration section */

/* Begin XCConfigurationList section */
		F42C4CAE19618DE50015CBF4 /* Build configuration list for PBXProject "Flappy Bird" */ = {
			isa = XCConfigurationList;
			buildConfigurations = (
				F42C4CE319618DE50015CBF4 /* Debug */,
				F42C4CE419618DE50015CBF4 /* Release */,
			);
			defaultConfigurationIsVisible = 0;
			defaultConfigurationName = Release;
		};
		F42C4CE519618DE50015CBF4 /* Build configuration list for PBXNativeTarget "Flappy Bird" */ = {
			isa = XCConfigurationList;
			buildConfigurations = (
				F42C4CE619618DE50015CBF4 /* Debug */,
				F42C4CE719618DE50015CBF4 /* Release */,
			);
			defaultConfigurationIsVisible = 0;
		};
		F42C4CE819618DE50015CBF4 /* Build configuration list for PBXNativeTarget "Flappy BirdTests" */ = {
			isa = XCConfigurationList;
			buildConfigurations = (
				F42C4CE919618DE50015CBF4 /* Debug */,
				F42C4CEA19618DE50015CBF4 /* Release */,
			);
			defaultConfigurationIsVisible = 0;
		};
/* End XCConfigurationList section */
	};
	rootObject = F42C4CAB19618DE50015CBF4 /* Project object */;
}
