// !$*UTF8*$!
{
	archiveVersion = 1;
	classes = {
	};
	objectVersion = 46;
	objects = {

/* Begin PBXBuildFile section */
		F471B6C019FBDA4000D2F018 /* AppDelegate.swift in Sources */ = {isa = PBXBuildFile; fileRef = F471B6BF19FBDA4000D2F018 /* AppDelegate.swift */; };
		F471B6C219FBDA4000D2F018 /* ViewController.swift in Sources */ = {isa = PBXBuildFile; fileRef = F471B6C119FBDA4000D2F018 /* ViewController.swift */; };
		F471B6C719FBDA4000D2F018 /* Images.xcassets in Resources */ = {isa = PBXBuildFile; fileRef = F471B6C619FBDA4000D2F018 /* Images.xcassets */; };
		F471B6D319FBDA4000D2F018 /* FunFactsTests.swift in Sources */ = {isa = PBXBuildFile; fileRef = F471B6D219FBDA4000D2F018 /* FunFactsTests.swift */; };
		F471B6DD19FBDCCB00D2F018 /* MainIPhone.storyboard in Resources */ = {isa = PBXBuildFile; fileRef = F471B6DC19FBDCCB00D2F018 /* MainIPhone.storyboard */; };
/* End PBXBuildFile section */

/* Begin PBXContainerItemProxy section */
		F471B6CD19FBDA4000D2F018 /* PBXContainerItemProxy */ = {
			isa = PBXContainerItemProxy;
			containerPortal = F471B6B219FBDA3F00D2F018 /* Project object */;
			proxyType = 1;
			remoteGlobalIDString = F471B6B919FBDA4000D2F018;
			remoteInfo = FunFacts;
		};
/* End PBXContainerItemProxy section */

/* Begin PBXFileReference section */
		F471B6BA19FBDA4000D2F018 /* FunFacts.app */ = {isa = PBXFileReference; explicitFileType = wrapper.application; includeInIndex = 0; path = FunFacts.app; sourceTree = BUILT_PRODUCTS_DIR; };
		F471B6BE19FBDA4000D2F018 /* Info.plist */ = {isa = PBXFileReference; lastKnownFileType = text.plist.xml; path = Info.plist; sourceTree = "<group>"; };
		F471B6BF19FBDA4000D2F018 /* AppDelegate.swift */ = {isa = PBXFileReference; lastKnownFileType = sourcecode.swift; path = AppDelegate.swift; sourceTree = "<group>"; };
		F471B6C119FBDA4000D2F018 /* ViewController.swift */ = {isa = PBXFileReference; lastKnownFileType = sourcecode.swift; path = ViewController.swift; sourceTree = "<group>"; };
		F471B6C619FBDA4000D2F018 /* Images.xcassets */ = {isa = PBXFileReference; lastKnownFileType = folder.assetcatalog; path = Images.xcassets; sourceTree = "<group>"; };
		F471B6CC19FBDA4000D2F018 /* FunFactsTests.xctest */ = {isa = PBXFileReference; explicitFileType = wrapper.cfbundle; includeInIndex = 0; path = FunFactsTests.xctest; sourceTree = BUILT_PRODUCTS_DIR; };
		F471B6D119FBDA4000D2F018 /* Info.plist */ = {isa = PBXFileReference; lastKnownFileType = text.plist.xml; path = Info.plist; sourceTree = "<group>"; };
		F471B6D219FBDA4000D2F018 /* FunFactsTests.swift */ = {isa = PBXFileReference; lastKnownFileType = sourcecode.swift; path = FunFactsTests.swift; sourceTree = "<group>"; };
		F471B6DC19FBDCCB00D2F018 /* MainIPhone.storyboard */ = {isa = PBXFileReference; fileEncoding = 4; lastKnownFileType = file.storyboard; path = MainIPhone.storyboard; sourceTree = "<group>"; };
/* End PBXFileReference section */

/* Begin PBXFrameworksBuildPhase section */
		F471B6B719FBDA4000D2F018 /* Frameworks */ = {
			isa = PBXFrameworksBuildPhase;
			buildActionMask = 2147483647;
			files = (
			);
			runOnlyForDeploymentPostprocessing = 0;
		};
		F471B6C919FBDA4000D2F018 /* Frameworks */ = {
			isa = PBXFrameworksBuildPhase;
			buildActionMask = 2147483647;
			files = (
			);
			runOnlyForDeploymentPostprocessing = 0;
		};
/* End PBXFrameworksBuildPhase section */

/* Begin PBXGroup section */
		F471B6B119FBDA3F00D2F018 = {
			isa = PBXGroup;
			children = (
				F471B6BC19FBDA4000D2F018 /* FunFacts */,
				F471B6CF19FBDA4000D2F018 /* FunFactsTests */,
				F471B6BB19FBDA4000D2F018 /* Products */,
			);
			sourceTree = "<group>";
		};
		F471B6BB19FBDA4000D2F018 /* Products */ = {
			isa = PBXGroup;
			children = (
				F471B6BA19FBDA4000D2F018 /* FunFacts.app */,
				F471B6CC19FBDA4000D2F018 /* FunFactsTests.xctest */,
			);
			name = Products;
			sourceTree = "<group>";
		};
		F471B6BC19FBDA4000D2F018 /* FunFacts */ = {
			isa = PBXGroup;
			children = (
				F471B6BF19FBDA4000D2F018 /* AppDelegate.swift */,
				F471B6C119FBDA4000D2F018 /* ViewController.swift */,
				F471B6DC19FBDCCB00D2F018 /* MainIPhone.storyboard */,
				F471B6C619FBDA4000D2F018 /* Images.xcassets */,
				F471B6BD19FBDA4000D2F018 /* Supporting Files */,
			);
			path = FunFacts;
			sourceTree = "<group>";
		};
		F471B6BD19FBDA4000D2F018 /* Supporting Files */ = {
			isa = PBXGroup;
			children = (
				F471B6BE19FBDA4000D2F018 /* Info.plist */,
			);
			name = "Supporting Files";
			sourceTree = "<group>";
		};
		F471B6CF19FBDA4000D2F018 /* FunFactsTests */ = {
			isa = PBXGroup;
			children = (
				F471B6D219FBDA4000D2F018 /* FunFactsTests.swift */,
				F471B6D019FBDA4000D2F018 /* Supporting Files */,
			);
			path = FunFactsTests;
			sourceTree = "<group>";
		};
		F471B6D019FBDA4000D2F018 /* Supporting Files */ = {
			isa = PBXGroup;
			children = (
				F471B6D119FBDA4000D2F018 /* Info.plist */,
			);
			name = "Supporting Files";
			sourceTree = "<group>";
		};
/* End PBXGroup section */

/* Begin PBXNativeTarget section */
		F471B6B919FBDA4000D2F018 /* FunFacts */ = {
			isa = PBXNativeTarget;
			buildConfigurationList = F471B6D619FBDA4000D2F018 /* Build configuration list for PBXNativeTarget "FunFacts" */;
			buildPhases = (
				F471B6B619FBDA4000D2F018 /* Sources */,
				F471B6B719FBDA4000D2F018 /* Frameworks */,
				F471B6B819FBDA4000D2F018 /* Resources */,
			);
			buildRules = (
			);
			dependencies = (
			);
			name = FunFacts;
			productName = FunFacts;
			productReference = F471B6BA19FBDA4000D2F018 /* FunFacts.app */;
			productType = "com.apple.product-type.application";
		};
		F471B6CB19FBDA4000D2F018 /* FunFactsTests */ = {
			isa = PBXNativeTarget;
			buildConfigurationList = F471B6D919FBDA4000D2F018 /* Build configuration list for PBXNativeTarget "FunFactsTests" */;
			buildPhases = (
				F471B6C819FBDA4000D2F018 /* Sources */,
				F471B6C919FBDA4000D2F018 /* Frameworks */,
				F471B6CA19FBDA4000D2F018 /* Resources */,
			);
			buildRules = (
			);
			dependencies = (
				F471B6CE19FBDA4000D2F018 /* PBXTargetDependency */,
			);
			name = FunFactsTests;
			productName = FunFactsTests;
			productReference = F471B6CC19FBDA4000D2F018 /* FunFactsTests.xctest */;
			productType = "com.apple.product-type.bundle.unit-test";
		};
/* End PBXNativeTarget section */

/* Begin PBXProject section */
		F471B6B219FBDA3F00D2F018 /* Project object */ = {
			isa = PBXProject;
			attributes = {
				LastUpgradeCheck = 0600;
				ORGANIZATIONNAME = "Anthony Castor";
				TargetAttributes = {
					F471B6B919FBDA4000D2F018 = {
						CreatedOnToolsVersion = 6.0;
					};
					F471B6CB19FBDA4000D2F018 = {
						CreatedOnToolsVersion = 6.0;
						TestTargetID = F471B6B919FBDA4000D2F018;
					};
				};
			};
			buildConfigurationList = F471B6B519FBDA3F00D2F018 /* Build configuration list for PBXProject "FunFacts" */;
			compatibilityVersion = "Xcode 3.2";
			developmentRegion = English;
			hasScannedForEncodings = 0;
			knownRegions = (
				en,
				Base,
			);
			mainGroup = F471B6B119FBDA3F00D2F018;
			productRefGroup = F471B6BB19FBDA4000D2F018 /* Products */;
			projectDirPath = "";
			projectRoot = "";
			targets = (
				F471B6B919FBDA4000D2F018 /* FunFacts */,
				F471B6CB19FBDA4000D2F018 /* FunFactsTests */,
			);
		};
/* End PBXProject section */

/* Begin PBXResourcesBuildPhase section */
		F471B6B819FBDA4000D2F018 /* Resources */ = {
			isa = PBXResourcesBuildPhase;
			buildActionMask = 2147483647;
			files = (
				F471B6DD19FBDCCB00D2F018 /* MainIPhone.storyboard in Resources */,
				F471B6C719FBDA4000D2F018 /* Images.xcassets in Resources */,
			);
			runOnlyForDeploymentPostprocessing = 0;
		};
		F471B6CA19FBDA4000D2F018 /* Resources */ = {
			isa = PBXResourcesBuildPhase;
			buildActionMask = 2147483647;
			files = (
			);
			runOnlyForDeploymentPostprocessing = 0;
		};
/* End PBXResourcesBuildPhase section */

/* Begin PBXSourcesBuildPhase section */
		F471B6B619FBDA4000D2F018 /* Sources */ = {
			isa = PBXSourcesBuildPhase;
			buildActionMask = 2147483647;
			files = (
				F471B6C219FBDA4000D2F018 /* ViewController.swift in Sources */,
				F471B6C019FBDA4000D2F018 /* AppDelegate.swift in Sources */,
			);
			runOnlyForDeploymentPostprocessing = 0;
		};
		F471B6C819FBDA4000D2F018 /* Sources */ = {
			isa = PBXSourcesBuildPhase;
			buildActionMask = 2147483647;
			files = (
				F471B6D319FBDA4000D2F018 /* FunFactsTests.swift in Sources */,
			);
			runOnlyForDeploymentPostprocessing = 0;
		};
/* End PBXSourcesBuildPhase section */

/* Begin PBXTargetDependency section */
		F471B6CE19FBDA4000D2F018 /* PBXTargetDependency */ = {
			isa = PBXTargetDependency;
			target = F471B6B919FBDA4000D2F018 /* FunFacts */;
			targetProxy = F471B6CD19FBDA4000D2F018 /* PBXContainerItemProxy */;
		};
/* End PBXTargetDependency section */

/* Begin XCBuildConfiguration section */
		F471B6D419FBDA4000D2F018 /* Debug */ = {
			isa = XCBuildConfiguration;
			buildSettings = {
				ALWAYS_SEARCH_USER_PATHS = NO;
				CLANG_CXX_LANGUAGE_STANDARD = "gnu++0x";
				CLANG_CXX_LIBRARY = "libc++";
				CLANG_ENABLE_MODULES = YES;
				CLANG_ENABLE_OBJC_ARC = YES;
				CLANG_WARN_BOOL_CONVERSION = YES;
				CLANG_WARN_CONSTANT_CONVERSION = YES;
				CLANG_WARN_DIRECT_OBJC_ISA_USAGE = YES_ERROR;
				CLANG_WARN_EMPTY_BODY = YES;
				CLANG_WARN_ENUM_CONVERSION = YES;
				CLANG_WARN_INT_CONVERSION = YES;
				CLANG_WARN_OBJC_ROOT_CLASS = YES_ERROR;
				CLANG_WARN_UNREACHABLE_CODE = YES;
				CLANG_WARN__DUPLICATE_METHOD_MATCH = YES;
				"CODE_SIGN_IDENTITY[sdk=iphoneos*]" = "iPhone Developer";
				COPY_PHASE_STRIP = NO;
				ENABLE_STRICT_OBJC_MSGSEND = YES;
				GCC_C_LANGUAGE_STANDARD = gnu99;
				GCC_DYNAMIC_NO_PIC = NO;
				GCC_OPTIMIZATION_LEVEL = 0;
				GCC_PREPROCESSOR_DEFINITIONS = (
					"DEBUG=1",
					"$(inherited)",
				);
				GCC_SYMBOLS_PRIVATE_EXTERN = NO;
				GCC_WARN_64_TO_32_BIT_CONVERSION = YES;
				GCC_WARN_ABOUT_RETURN_TYPE = YES_ERROR;
				GCC_WARN_UNDECLARED_SELECTOR = YES;
				GCC_WARN_UNINITIALIZED_AUTOS = YES_AGGRESSIVE;
				GCC_WARN_UNUSED_FUNCTION = YES;
				GCC_WARN_UNUSED_VARIABLE = YES;
				IPHONEOS_DEPLOYMENT_TARGET = 8.0;
				METAL_ENABLE_DEBUG_INFO = YES;
				ONLY_ACTIVE_ARCH = YES;
				SDKROOT = iphoneos;
				SWIFT_OPTIMIZATION_LEVEL = "-Onone";
			};
			name = Debug;
		};
		F471B6D519FBDA4000D2F018 /* Release */ = {
			isa = XCBuildConfiguration;
			buildSettings = {
				ALWAYS_SEARCH_USER_PATHS = NO;
				CLANG_CXX_LANGUAGE_STANDARD = "gnu++0x";
				CLANG_CXX_LIBRARY = "libc++";
				CLANG_ENABLE_MODULES = YES;
				CLANG_ENABLE_OBJC_ARC = YES;
				CLANG_WARN_BOOL_CONVERSION = YES;
				CLANG_WARN_CONSTANT_CONVERSION = YES;
				CLANG_WARN_DIRECT_OBJC_ISA_USAGE = YES_ERROR;
				CLANG_WARN_EMPTY_BODY = YES;
				CLANG_WARN_ENUM_CONVERSION = YES;
				CLANG_WARN_INT_CONVERSION = YES;
				CLANG_WARN_OBJC_ROOT_CLASS = YES_ERROR;
				CLANG_WARN_UNREACHABLE_CODE = YES;
				CLANG_WARN__DUPLICATE_METHOD_MATCH = YES;
				"CODE_SIGN_IDENTITY[sdk=iphoneos*]" = "iPhone Developer";
				COPY_PHASE_STRIP = YES;
				ENABLE_NS_ASSERTIONS = NO;
				ENABLE_STRICT_OBJC_MSGSEND = YES;
				GCC_C_LANGUAGE_STANDARD = gnu99;
				GCC_WARN_64_TO_32_BIT_CONVERSION = YES;
				GCC_WARN_ABOUT_RETURN_TYPE = YES_ERROR;
				GCC_WARN_UNDECLARED_SELECTOR = YES;
				GCC_WARN_UNINITIALIZED_AUTOS = YES_AGGRESSIVE;
				GCC_WARN_UNUSED_FUNCTION = YES;
				GCC_WARN_UNUSED_VARIABLE = YES;
				IPHONEOS_DEPLOYMENT_TARGET = 8.0;
				METAL_ENABLE_DEBUG_INFO = NO;
				SDKROOT = iphoneos;
				VALIDATE_PRODUCT = YES;
			};
			name = Release;
		};
		F471B6D719FBDA4000D2F018 /* Debug */ = {
			isa = XCBuildConfiguration;
			buildSettings = {
				ASSETCATALOG_COMPILER_APPICON_NAME = AppIcon;
				ASSETCATALOG_COMPILER_LAUNCHIMAGE_NAME = LaunchImage;
				INFOPLIST_FILE = FunFacts/Info.plist;
				IPHONEOS_DEPLOYMENT_TARGET = 8.0;
				LD_RUNPATH_SEARCH_PATHS = "$(inherited) @executable_path/Frameworks";
				PRODUCT_NAME = "$(TARGET_NAME)";
				TARGETED_DEVICE_FAMILY = 1;
			};
			name = Debug;
		};
		F471B6D819FBDA4000D2F018 /* Release */ = {
			isa = XCBuildConfiguration;
			buildSettings = {
				ASSETCATALOG_COMPILER_APPICON_NAME = AppIcon;
				ASSETCATALOG_COMPILER_LAUNCHIMAGE_NAME = LaunchImage;
				INFOPLIST_FILE = FunFacts/Info.plist;
				IPHONEOS_DEPLOYMENT_TARGET = 8.0;
				LD_RUNPATH_SEARCH_PATHS = "$(inherited) @executable_path/Frameworks";
				PRODUCT_NAME = "$(TARGET_NAME)";
				TARGETED_DEVICE_FAMILY = 1;
			};
			name = Release;
		};
		F471B6DA19FBDA4000D2F018 /* Debug */ = {
			isa = XCBuildConfiguration;
			buildSettings = {
				BUNDLE_LOADER = "$(BUILT_PRODUCTS_DIR)/FunFacts.app/FunFacts";
				FRAMEWORK_SEARCH_PATHS = (
					"$(SDKROOT)/Developer/Library/Frameworks",
					"$(inherited)",
				);
				GCC_PREPROCESSOR_DEFINITIONS = (
					"DEBUG=1",
					"$(inherited)",
				);
				INFOPLIST_FILE = FunFactsTests/Info.plist;
				LD_RUNPATH_SEARCH_PATHS = "$(inherited) @executable_path/Frameworks @loader_path/Frameworks";
				METAL_ENABLE_DEBUG_INFO = YES;
				PRODUCT_NAME = "$(TARGET_NAME)";
				TEST_HOST = "$(BUNDLE_LOADER)";
			};
			name = Debug;
		};
		F471B6DB19FBDA4000D2F018 /* Release */ = {
			isa = XCBuildConfiguration;
			buildSettings = {
				BUNDLE_LOADER = "$(BUILT_PRODUCTS_DIR)/FunFacts.app/FunFacts";
				FRAMEWORK_SEARCH_PATHS = (
					"$(SDKROOT)/Developer/Library/Frameworks",
					"$(inherited)",
				);
				INFOPLIST_FILE = FunFactsTests/Info.plist;
				LD_RUNPATH_SEARCH_PATHS = "$(inherited) @executable_path/Frameworks @loader_path/Frameworks";
				METAL_ENABLE_DEBUG_INFO = NO;
				PRODUCT_NAME = "$(TARGET_NAME)";
				TEST_HOST = "$(BUNDLE_LOADER)";
			};
			name = Release;
		};
/* End XCBuildConfiguration section */

/* Begin XCConfigurationList section */
		F471B6B519FBDA3F00D2F018 /* Build configuration list for PBXProject "FunFacts" */ = {
			isa = XCConfigurationList;
			buildConfigurations = (
				F471B6D419FBDA4000D2F018 /* Debug */,
				F471B6D519FBDA4000D2F018 /* Release */,
			);
			defaultConfigurationIsVisible = 0;
			defaultConfigurationName = Release;
		};
		F471B6D619FBDA4000D2F018 /* Build configuration list for PBXNativeTarget "FunFacts" */ = {
			isa = XCConfigurationList;
			buildConfigurations = (
				F471B6D719FBDA4000D2F018 /* Debug */,
				F471B6D819FBDA4000D2F018 /* Release */,
			);
			defaultConfigurationIsVisible = 0;
		};
		F471B6D919FBDA4000D2F018 /* Build configuration list for PBXNativeTarget "FunFactsTests" */ = {
			isa = XCConfigurationList;
			buildConfigurations = (
				F471B6DA19FBDA4000D2F018 /* Debug */,
				F471B6DB19FBDA4000D2F018 /* Release */,
			);
			defaultConfigurationIsVisible = 0;
		};
/* End XCConfigurationList section */
	};
	rootObject = F471B6B219FBDA3F00D2F018 /* Project object */;
}
