// !$*UTF8*$!
{
	archiveVersion = 1;
	classes = {
	};
	objectVersion = 46;
	objects = {

/* Begin PBXBuildFile section */
		F462AC8D196D4BB0005D87B7 /* bgmusic.caf in Resources */ = {isa = PBXBuildFile; fileRef = F462AC8C196D4BB0005D87B7 /* bgmusic.caf */; };
		F4AB6692196D48C5007C805F /* Foundation.framework in Frameworks */ = {isa = PBXBuildFile; fileRef = F4AB6691196D48C5007C805F /* Foundation.framework */; };
		F4AB6694196D48C5007C805F /* CoreGraphics.framework in Frameworks */ = {isa = PBXBuildFile; fileRef = F4AB6693196D48C5007C805F /* CoreGraphics.framework */; };
		F4AB6696196D48C5007C805F /* UIKit.framework in Frameworks */ = {isa = PBXBuildFile; fileRef = F4AB6695196D48C5007C805F /* UIKit.framework */; };
		F4AB6698196D48C5007C805F /* SpriteKit.framework in Frameworks */ = {isa = PBXBuildFile; fileRef = F4AB6697196D48C5007C805F /* SpriteKit.framework */; };
		F4AB669E196D48C5007C805F /* InfoPlist.strings in Resources */ = {isa = PBXBuildFile; fileRef = F4AB669C196D48C5007C805F /* InfoPlist.strings */; };
		F4AB66A0196D48C5007C805F /* main.m in Sources */ = {isa = PBXBuildFile; fileRef = F4AB669F196D48C5007C805F /* main.m */; };
		F4AB66A4196D48C5007C805F /* AppDelegate.m in Sources */ = {isa = PBXBuildFile; fileRef = F4AB66A3196D48C5007C805F /* AppDelegate.m */; };
		F4AB66A7196D48C5007C805F /* Main.storyboard in Resources */ = {isa = PBXBuildFile; fileRef = F4AB66A5196D48C5007C805F /* Main.storyboard */; };
		F4AB66AA196D48C5007C805F /* ViewController.m in Sources */ = {isa = PBXBuildFile; fileRef = F4AB66A9196D48C5007C805F /* ViewController.m */; };
		F4AB66AD196D48C5007C805F /* MyScene.m in Sources */ = {isa = PBXBuildFile; fileRef = F4AB66AC196D48C5007C805F /* MyScene.m */; };
		F4AB66AF196D48C5007C805F /* Spaceship.png in Resources */ = {isa = PBXBuildFile; fileRef = F4AB66AE196D48C5007C805F /* Spaceship.png */; };
		F4AB66B1196D48C5007C805F /* Images.xcassets in Resources */ = {isa = PBXBuildFile; fileRef = F4AB66B0196D48C5007C805F /* Images.xcassets */; };
		F4AB66B8196D48C5007C805F /* XCTest.framework in Frameworks */ = {isa = PBXBuildFile; fileRef = F4AB66B7196D48C5007C805F /* XCTest.framework */; };
		F4AB66B9196D48C5007C805F /* Foundation.framework in Frameworks */ = {isa = PBXBuildFile; fileRef = F4AB6691196D48C5007C805F /* Foundation.framework */; };
		F4AB66BA196D48C5007C805F /* UIKit.framework in Frameworks */ = {isa = PBXBuildFile; fileRef = F4AB6695196D48C5007C805F /* UIKit.framework */; };
		F4AB66C2196D48C5007C805F /* InfoPlist.strings in Resources */ = {isa = PBXBuildFile; fileRef = F4AB66C0196D48C5007C805F /* InfoPlist.strings */; };
		F4AB66C4196D48C5007C805F /* PlayerSoundTests.m in Sources */ = {isa = PBXBuildFile; fileRef = F4AB66C3196D48C5007C805F /* PlayerSoundTests.m */; };
/* End PBXBuildFile section */

/* Begin PBXContainerItemProxy section */
		F4AB66BB196D48C5007C805F /* PBXContainerItemProxy */ = {
			isa = PBXContainerItemProxy;
			containerPortal = F4AB6686196D48C5007C805F /* Project object */;
			proxyType = 1;
			remoteGlobalIDString = F4AB668D196D48C5007C805F;
			remoteInfo = PlayerSound;
		};
/* End PBXContainerItemProxy section */

/* Begin PBXFileReference section */
		F462AC8C196D4BB0005D87B7 /* bgmusic.caf */ = {isa = PBXFileReference; lastKnownFileType = file; path = bgmusic.caf; sourceTree = "<group>"; };
		F4AB668E196D48C5007C805F /* PlayerSound.app */ = {isa = PBXFileReference; explicitFileType = wrapper.application; includeInIndex = 0; path = PlayerSound.app; sourceTree = BUILT_PRODUCTS_DIR; };
		F4AB6691196D48C5007C805F /* Foundation.framework */ = {isa = PBXFileReference; lastKnownFileType = wrapper.framework; name = Foundation.framework; path = System/Library/Frameworks/Foundation.framework; sourceTree = SDKROOT; };
		F4AB6693196D48C5007C805F /* CoreGraphics.framework */ = {isa = PBXFileReference; lastKnownFileType = wrapper.framework; name = CoreGraphics.framework; path = System/Library/Frameworks/CoreGraphics.framework; sourceTree = SDKROOT; };
		F4AB6695196D48C5007C805F /* UIKit.framework */ = {isa = PBXFileReference; lastKnownFileType = wrapper.framework; name = UIKit.framework; path = System/Library/Frameworks/UIKit.framework; sourceTree = SDKROOT; };
		F4AB6697196D48C5007C805F /* SpriteKit.framework */ = {isa = PBXFileReference; lastKnownFileType = wrapper.framework; name = SpriteKit.framework; path = System/Library/Frameworks/SpriteKit.framework; sourceTree = SDKROOT; };
		F4AB669B196D48C5007C805F /* PlayerSound-Info.plist */ = {isa = PBXFileReference; lastKnownFileType = text.plist.xml; path = "PlayerSound-Info.plist"; sourceTree = "<group>"; };
		F4AB669D196D48C5007C805F /* en */ = {isa = PBXFileReference; lastKnownFileType = text.plist.strings; name = en; path = en.lproj/InfoPlist.strings; sourceTree = "<group>"; };
		F4AB669F196D48C5007C805F /* main.m */ = {isa = PBXFileReference; lastKnownFileType = sourcecode.c.objc; path = main.m; sourceTree = "<group>"; };
		F4AB66A1196D48C5007C805F /* PlayerSound-Prefix.pch */ = {isa = PBXFileReference; lastKnownFileType = sourcecode.c.h; path = "PlayerSound-Prefix.pch"; sourceTree = "<group>"; };
		F4AB66A2196D48C5007C805F /* AppDelegate.h */ = {isa = PBXFileReference; lastKnownFileType = sourcecode.c.h; path = AppDelegate.h; sourceTree = "<group>"; };
		F4AB66A3196D48C5007C805F /* AppDelegate.m */ = {isa = PBXFileReference; lastKnownFileType = sourcecode.c.objc; path = AppDelegate.m; sourceTree = "<group>"; };
		F4AB66A6196D48C5007C805F /* Base */ = {isa = PBXFileReference; lastKnownFileType = file.storyboard; name = Base; path = Base.lproj/Main.storyboard; sourceTree = "<group>"; };
		F4AB66A8196D48C5007C805F /* ViewController.h */ = {isa = PBXFileReference; lastKnownFileType = sourcecode.c.h; path = ViewController.h; sourceTree = "<group>"; };
		F4AB66A9196D48C5007C805F /* ViewController.m */ = {isa = PBXFileReference; lastKnownFileType = sourcecode.c.objc; path = ViewController.m; sourceTree = "<group>"; };
		F4AB66AB196D48C5007C805F /* MyScene.h */ = {isa = PBXFileReference; lastKnownFileType = sourcecode.c.h; path = MyScene.h; sourceTree = "<group>"; };
		F4AB66AC196D48C5007C805F /* MyScene.m */ = {isa = PBXFileReference; lastKnownFileType = sourcecode.c.objc; path = MyScene.m; sourceTree = "<group>"; };
		F4AB66AE196D48C5007C805F /* Spaceship.png */ = {isa = PBXFileReference; lastKnownFileType = image.png; path = Spaceship.png; sourceTree = "<group>"; };
		F4AB66B0196D48C5007C805F /* Images.xcassets */ = {isa = PBXFileReference; lastKnownFileType = folder.assetcatalog; path = Images.xcassets; sourceTree = "<group>"; };
		F4AB66B6196D48C5007C805F /* PlayerSoundTests.xctest */ = {isa = PBXFileReference; explicitFileType = wrapper.cfbundle; includeInIndex = 0; path = PlayerSoundTests.xctest; sourceTree = BUILT_PRODUCTS_DIR; };
		F4AB66B7196D48C5007C805F /* XCTest.framework */ = {isa = PBXFileReference; lastKnownFileType = wrapper.framework; name = XCTest.framework; path = Library/Frameworks/XCTest.framework; sourceTree = DEVELOPER_DIR; };
		F4AB66BF196D48C5007C805F /* PlayerSoundTests-Info.plist */ = {isa = PBXFileReference; lastKnownFileType = text.plist.xml; path = "PlayerSoundTests-Info.plist"; sourceTree = "<group>"; };
		F4AB66C1196D48C5007C805F /* en */ = {isa = PBXFileReference; lastKnownFileType = text.plist.strings; name = en; path = en.lproj/InfoPlist.strings; sourceTree = "<group>"; };
		F4AB66C3196D48C5007C805F /* PlayerSoundTests.m */ = {isa = PBXFileReference; lastKnownFileType = sourcecode.c.objc; path = PlayerSoundTests.m; sourceTree = "<group>"; };
/* End PBXFileReference section */

/* Begin PBXFrameworksBuildPhase section */
		F4AB668B196D48C5007C805F /* Frameworks */ = {
			isa = PBXFrameworksBuildPhase;
			buildActionMask = 2147483647;
			files = (
				F4AB6694196D48C5007C805F /* CoreGraphics.framework in Frameworks */,
				F4AB6696196D48C5007C805F /* UIKit.framework in Frameworks */,
				F4AB6698196D48C5007C805F /* SpriteKit.framework in Frameworks */,
				F4AB6692196D48C5007C805F /* Foundation.framework in Frameworks */,
			);
			runOnlyForDeploymentPostprocessing = 0;
		};
		F4AB66B3196D48C5007C805F /* Frameworks */ = {
			isa = PBXFrameworksBuildPhase;
			buildActionMask = 2147483647;
			files = (
				F4AB66B8196D48C5007C805F /* XCTest.framework in Frameworks */,
				F4AB66BA196D48C5007C805F /* UIKit.framework in Frameworks */,
				F4AB66B9196D48C5007C805F /* Foundation.framework in Frameworks */,
			);
			runOnlyForDeploymentPostprocessing = 0;
		};
/* End PBXFrameworksBuildPhase section */

/* Begin PBXGroup section */
		F4AB6685196D48C5007C805F = {
			isa = PBXGroup;
			children = (
				F4AB6699196D48C5007C805F /* PlayerSound */,
				F4AB66BD196D48C5007C805F /* PlayerSoundTests */,
				F4AB6690196D48C5007C805F /* Frameworks */,
				F4AB668F196D48C5007C805F /* Products */,
			);
			sourceTree = "<group>";
		};
		F4AB668F196D48C5007C805F /* Products */ = {
			isa = PBXGroup;
			children = (
				F4AB668E196D48C5007C805F /* PlayerSound.app */,
				F4AB66B6196D48C5007C805F /* PlayerSoundTests.xctest */,
			);
			name = Products;
			sourceTree = "<group>";
		};
		F4AB6690196D48C5007C805F /* Frameworks */ = {
			isa = PBXGroup;
			children = (
				F4AB6691196D48C5007C805F /* Foundation.framework */,
				F4AB6693196D48C5007C805F /* CoreGraphics.framework */,
				F4AB6695196D48C5007C805F /* UIKit.framework */,
				F4AB6697196D48C5007C805F /* SpriteKit.framework */,
				F4AB66B7196D48C5007C805F /* XCTest.framework */,
			);
			name = Frameworks;
			sourceTree = "<group>";
		};
		F4AB6699196D48C5007C805F /* PlayerSound */ = {
			isa = PBXGroup;
			children = (
				F4AB66A2196D48C5007C805F /* AppDelegate.h */,
				F4AB66A3196D48C5007C805F /* AppDelegate.m */,
				F4AB66A5196D48C5007C805F /* Main.storyboard */,
				F4AB66A8196D48C5007C805F /* ViewController.h */,
				F4AB66A9196D48C5007C805F /* ViewController.m */,
				F4AB66AB196D48C5007C805F /* MyScene.h */,
				F462AC8C196D4BB0005D87B7 /* bgmusic.caf */,
				F4AB66AC196D48C5007C805F /* MyScene.m */,
				F4AB66AE196D48C5007C805F /* Spaceship.png */,
				F4AB66B0196D48C5007C805F /* Images.xcassets */,
				F4AB669A196D48C5007C805F /* Supporting Files */,
			);
			path = PlayerSound;
			sourceTree = "<group>";
		};
		F4AB669A196D48C5007C805F /* Supporting Files */ = {
			isa = PBXGroup;
			children = (
				F4AB669B196D48C5007C805F /* PlayerSound-Info.plist */,
				F4AB669C196D48C5007C805F /* InfoPlist.strings */,
				F4AB669F196D48C5007C805F /* main.m */,
				F4AB66A1196D48C5007C805F /* PlayerSound-Prefix.pch */,
			);
			name = "Supporting Files";
			sourceTree = "<group>";
		};
		F4AB66BD196D48C5007C805F /* PlayerSoundTests */ = {
			isa = PBXGroup;
			children = (
				F4AB66C3196D48C5007C805F /* PlayerSoundTests.m */,
				F4AB66BE196D48C5007C805F /* Supporting Files */,
			);
			path = PlayerSoundTests;
			sourceTree = "<group>";
		};
		F4AB66BE196D48C5007C805F /* Supporting Files */ = {
			isa = PBXGroup;
			children = (
				F4AB66BF196D48C5007C805F /* PlayerSoundTests-Info.plist */,
				F4AB66C0196D48C5007C805F /* InfoPlist.strings */,
			);
			name = "Supporting Files";
			sourceTree = "<group>";
		};
/* End PBXGroup section */

/* Begin PBXNativeTarget section */
		F4AB668D196D48C5007C805F /* PlayerSound */ = {
			isa = PBXNativeTarget;
			buildConfigurationList = F4AB66C7196D48C5007C805F /* Build configuration list for PBXNativeTarget "PlayerSound" */;
			buildPhases = (
				F4AB668A196D48C5007C805F /* Sources */,
				F4AB668B196D48C5007C805F /* Frameworks */,
				F4AB668C196D48C5007C805F /* Resources */,
			);
			buildRules = (
			);
			dependencies = (
			);
			name = PlayerSound;
			productName = PlayerSound;
			productReference = F4AB668E196D48C5007C805F /* PlayerSound.app */;
			productType = "com.apple.product-type.application";
		};
		F4AB66B5196D48C5007C805F /* PlayerSoundTests */ = {
			isa = PBXNativeTarget;
			buildConfigurationList = F4AB66CA196D48C5007C805F /* Build configuration list for PBXNativeTarget "PlayerSoundTests" */;
			buildPhases = (
				F4AB66B2196D48C5007C805F /* Sources */,
				F4AB66B3196D48C5007C805F /* Frameworks */,
				F4AB66B4196D48C5007C805F /* Resources */,
			);
			buildRules = (
			);
			dependencies = (
				F4AB66BC196D48C5007C805F /* PBXTargetDependency */,
			);
			name = PlayerSoundTests;
			productName = PlayerSoundTests;
			productReference = F4AB66B6196D48C5007C805F /* PlayerSoundTests.xctest */;
			productType = "com.apple.product-type.bundle.unit-test";
		};
/* End PBXNativeTarget section */

/* Begin PBXProject section */
		F4AB6686196D48C5007C805F /* Project object */ = {
			isa = PBXProject;
			attributes = {
				LastUpgradeCheck = 0510;
				ORGANIZATIONNAME = "Anthony Castor";
				TargetAttributes = {
					F4AB66B5196D48C5007C805F = {
						TestTargetID = F4AB668D196D48C5007C805F;
					};
				};
			};
			buildConfigurationList = F4AB6689196D48C5007C805F /* Build configuration list for PBXProject "PlayerSound" */;
			compatibilityVersion = "Xcode 3.2";
			developmentRegion = English;
			hasScannedForEncodings = 0;
			knownRegions = (
				en,
				Base,
			);
			mainGroup = F4AB6685196D48C5007C805F;
			productRefGroup = F4AB668F196D48C5007C805F /* Products */;
			projectDirPath = "";
			projectRoot = "";
			targets = (
				F4AB668D196D48C5007C805F /* PlayerSound */,
				F4AB66B5196D48C5007C805F /* PlayerSoundTests */,
			);
		};
/* End PBXProject section */

/* Begin PBXResourcesBuildPhase section */
		F4AB668C196D48C5007C805F /* Resources */ = {
			isa = PBXResourcesBuildPhase;
			buildActionMask = 2147483647;
			files = (
				F4AB669E196D48C5007C805F /* InfoPlist.strings in Resources */,
				F4AB66B1196D48C5007C805F /* Images.xcassets in Resources */,
				F4AB66AF196D48C5007C805F /* Spaceship.png in Resources */,
				F4AB66A7196D48C5007C805F /* Main.storyboard in Resources */,
				F462AC8D196D4BB0005D87B7 /* bgmusic.caf in Resources */,
			);
			runOnlyForDeploymentPostprocessing = 0;
		};
		F4AB66B4196D48C5007C805F /* Resources */ = {
			isa = PBXResourcesBuildPhase;
			buildActionMask = 2147483647;
			files = (
				F4AB66C2196D48C5007C805F /* InfoPlist.strings in Resources */,
			);
			runOnlyForDeploymentPostprocessing = 0;
		};
/* End PBXResourcesBuildPhase section */

/* Begin PBXSourcesBuildPhase section */
		F4AB668A196D48C5007C805F /* Sources */ = {
			isa = PBXSourcesBuildPhase;
			buildActionMask = 2147483647;
			files = (
				F4AB66AD196D48C5007C805F /* MyScene.m in Sources */,
				F4AB66AA196D48C5007C805F /* ViewController.m in Sources */,
				F4AB66A4196D48C5007C805F /* AppDelegate.m in Sources */,
				F4AB66A0196D48C5007C805F /* main.m in Sources */,
			);
			runOnlyForDeploymentPostprocessing = 0;
		};
		F4AB66B2196D48C5007C805F /* Sources */ = {
			isa = PBXSourcesBuildPhase;
			buildActionMask = 2147483647;
			files = (
				F4AB66C4196D48C5007C805F /* PlayerSoundTests.m in Sources */,
			);
			runOnlyForDeploymentPostprocessing = 0;
		};
/* End PBXSourcesBuildPhase section */

/* Begin PBXTargetDependency section */
		F4AB66BC196D48C5007C805F /* PBXTargetDependency */ = {
			isa = PBXTargetDependency;
			target = F4AB668D196D48C5007C805F /* PlayerSound */;
			targetProxy = F4AB66BB196D48C5007C805F /* PBXContainerItemProxy */;
		};
/* End PBXTargetDependency section */

/* Begin PBXVariantGroup section */
		F4AB669C196D48C5007C805F /* InfoPlist.strings */ = {
			isa = PBXVariantGroup;
			children = (
				F4AB669D196D48C5007C805F /* en */,
			);
			name = InfoPlist.strings;
			sourceTree = "<group>";
		};
		F4AB66A5196D48C5007C805F /* Main.storyboard */ = {
			isa = PBXVariantGroup;
			children = (
				F4AB66A6196D48C5007C805F /* Base */,
			);
			name = Main.storyboard;
			sourceTree = "<group>";
		};
		F4AB66C0196D48C5007C805F /* InfoPlist.strings */ = {
			isa = PBXVariantGroup;
			children = (
				F4AB66C1196D48C5007C805F /* en */,
			);
			name = InfoPlist.strings;
			sourceTree = "<group>";
		};
/* End PBXVariantGroup section */

/* Begin XCBuildConfiguration section */
		F4AB66C5196D48C5007C805F /* Debug */ = {
			isa = XCBuildConfiguration;
			buildSettings = {
				ALWAYS_SEARCH_USER_PATHS = NO;
				CLANG_CXX_LANGUAGE_STANDARD = "gnu++0x";
				CLANG_CXX_LIBRARY = "libc++";
				CLANG_ENABLE_MODULES = YES;
				CLANG_ENABLE_OBJC_ARC = YES;
				CLANG_WARN_BOOL_CONVERSION = YES;
				CLANG_WARN_CONSTANT_CONVERSION = YES;
				CLANG_WARN_DIRECT_OBJC_ISA_USAGE = YES_ERROR;
				CLANG_WARN_EMPTY_BODY = YES;
				CLANG_WARN_ENUM_CONVERSION = YES;
				CLANG_WARN_INT_CONVERSION = YES;
				CLANG_WARN_OBJC_ROOT_CLASS = YES_ERROR;
				CLANG_WARN__DUPLICATE_METHOD_MATCH = YES;
				"CODE_SIGN_IDENTITY[sdk=iphoneos*]" = "iPhone Developer";
				COPY_PHASE_STRIP = NO;
				GCC_C_LANGUAGE_STANDARD = gnu99;
				GCC_DYNAMIC_NO_PIC = NO;
				GCC_OPTIMIZATION_LEVEL = 0;
				GCC_PREPROCESSOR_DEFINITIONS = (
					"DEBUG=1",
					"$(inherited)",
				);
				GCC_SYMBOLS_PRIVATE_EXTERN = NO;
				GCC_WARN_64_TO_32_BIT_CONVERSION = YES;
				GCC_WARN_ABOUT_RETURN_TYPE = YES_ERROR;
				GCC_WARN_UNDECLARED_SELECTOR = YES;
				GCC_WARN_UNINITIALIZED_AUTOS = YES_AGGRESSIVE;
				GCC_WARN_UNUSED_FUNCTION = YES;
				GCC_WARN_UNUSED_VARIABLE = YES;
				IPHONEOS_DEPLOYMENT_TARGET = 7.1;
				ONLY_ACTIVE_ARCH = YES;
				SDKROOT = iphoneos;
			};
			name = Debug;
		};
		F4AB66C6196D48C5007C805F /* Release */ = {
			isa = XCBuildConfiguration;
			buildSettings = {
				ALWAYS_SEARCH_USER_PATHS = NO;
				CLANG_CXX_LANGUAGE_STANDARD = "gnu++0x";
				CLANG_CXX_LIBRARY = "libc++";
				CLANG_ENABLE_MODULES = YES;
				CLANG_ENABLE_OBJC_ARC = YES;
				CLANG_WARN_BOOL_CONVERSION = YES;
				CLANG_WARN_CONSTANT_CONVERSION = YES;
				CLANG_WARN_DIRECT_OBJC_ISA_USAGE = YES_ERROR;
				CLANG_WARN_EMPTY_BODY = YES;
				CLANG_WARN_ENUM_CONVERSION = YES;
				CLANG_WARN_INT_CONVERSION = YES;
				CLANG_WARN_OBJC_ROOT_CLASS = YES_ERROR;
				CLANG_WARN__DUPLICATE_METHOD_MATCH = YES;
				"CODE_SIGN_IDENTITY[sdk=iphoneos*]" = "iPhone Developer";
				COPY_PHASE_STRIP = YES;
				ENABLE_NS_ASSERTIONS = NO;
				GCC_C_LANGUAGE_STANDARD = gnu99;
				GCC_WARN_64_TO_32_BIT_CONVERSION = YES;
				GCC_WARN_ABOUT_RETURN_TYPE = YES_ERROR;
				GCC_WARN_UNDECLARED_SELECTOR = YES;
				GCC_WARN_UNINITIALIZED_AUTOS = YES_AGGRESSIVE;
				GCC_WARN_UNUSED_FUNCTION = YES;
				GCC_WARN_UNUSED_VARIABLE = YES;
				IPHONEOS_DEPLOYMENT_TARGET = 7.1;
				SDKROOT = iphoneos;
				VALIDATE_PRODUCT = YES;
			};
			name = Release;
		};
		F4AB66C8196D48C5007C805F /* Debug */ = {
			isa = XCBuildConfiguration;
			buildSettings = {
				ASSETCATALOG_COMPILER_APPICON_NAME = AppIcon;
				ASSETCATALOG_COMPILER_LAUNCHIMAGE_NAME = LaunchImage;
				GCC_PRECOMPILE_PREFIX_HEADER = YES;
				GCC_PREFIX_HEADER = "PlayerSound/PlayerSound-Prefix.pch";
				INFOPLIST_FILE = "PlayerSound/PlayerSound-Info.plist";
				PRODUCT_NAME = "$(TARGET_NAME)";
				SPRITEKIT_TEXTURE_ATLAS_OUTPUT = YES;
				WRAPPER_EXTENSION = app;
			};
			name = Debug;
		};
		F4AB66C9196D48C5007C805F /* Release */ = {
			isa = XCBuildConfiguration;
			buildSettings = {
				ASSETCATALOG_COMPILER_APPICON_NAME = AppIcon;
				ASSETCATALOG_COMPILER_LAUNCHIMAGE_NAME = LaunchImage;
				GCC_PRECOMPILE_PREFIX_HEADER = YES;
				GCC_PREFIX_HEADER = "PlayerSound/PlayerSound-Prefix.pch";
				INFOPLIST_FILE = "PlayerSound/PlayerSound-Info.plist";
				PRODUCT_NAME = "$(TARGET_NAME)";
				SPRITEKIT_TEXTURE_ATLAS_OUTPUT = YES;
				WRAPPER_EXTENSION = app;
			};
			name = Release;
		};
		F4AB66CB196D48C5007C805F /* Debug */ = {
			isa = XCBuildConfiguration;
			buildSettings = {
				BUNDLE_LOADER = "$(BUILT_PRODUCTS_DIR)/PlayerSound.app/PlayerSound";
				FRAMEWORK_SEARCH_PATHS = (
					"$(SDKROOT)/Developer/Library/Frameworks",
					"$(inherited)",
					"$(DEVELOPER_FRAMEWORKS_DIR)",
				);
				GCC_PRECOMPILE_PREFIX_HEADER = YES;
				GCC_PREFIX_HEADER = "PlayerSound/PlayerSound-Prefix.pch";
				GCC_PREPROCESSOR_DEFINITIONS = (
					"DEBUG=1",
					"$(inherited)",
				);
				INFOPLIST_FILE = "PlayerSoundTests/PlayerSoundTests-Info.plist";
				PRODUCT_NAME = "$(TARGET_NAME)";
				TEST_HOST = "$(BUNDLE_LOADER)";
				WRAPPER_EXTENSION = xctest;
			};
			name = Debug;
		};
		F4AB66CC196D48C5007C805F /* Release */ = {
			isa = XCBuildConfiguration;
			buildSettings = {
				BUNDLE_LOADER = "$(BUILT_PRODUCTS_DIR)/PlayerSound.app/PlayerSound";
				FRAMEWORK_SEARCH_PATHS = (
					"$(SDKROOT)/Developer/Library/Frameworks",
					"$(inherited)",
					"$(DEVELOPER_FRAMEWORKS_DIR)",
				);
				GCC_PRECOMPILE_PREFIX_HEADER = YES;
				GCC_PREFIX_HEADER = "PlayerSound/PlayerSound-Prefix.pch";
				INFOPLIST_FILE = "PlayerSoundTests/PlayerSoundTests-Info.plist";
				PRODUCT_NAME = "$(TARGET_NAME)";
				TEST_HOST = "$(BUNDLE_LOADER)";
				WRAPPER_EXTENSION = xctest;
			};
			name = Release;
		};
/* End XCBuildConfiguration section */

/* Begin XCConfigurationList section */
		F4AB6689196D48C5007C805F /* Build configuration list for PBXProject "PlayerSound" */ = {
			isa = XCConfigurationList;
			buildConfigurations = (
				F4AB66C5196D48C5007C805F /* Debug */,
				F4AB66C6196D48C5007C805F /* Release */,
			);
			defaultConfigurationIsVisible = 0;
			defaultConfigurationName = Release;
		};
		F4AB66C7196D48C5007C805F /* Build configuration list for PBXNativeTarget "PlayerSound" */ = {
			isa = XCConfigurationList;
			buildConfigurations = (
				F4AB66C8196D48C5007C805F /* Debug */,
				F4AB66C9196D48C5007C805F /* Release */,
			);
			defaultConfigurationIsVisible = 0;
			defaultConfigurationName = Release;
		};
		F4AB66CA196D48C5007C805F /* Build configuration list for PBXNativeTarget "PlayerSoundTests" */ = {
			isa = XCConfigurationList;
			buildConfigurations = (
				F4AB66CB196D48C5007C805F /* Debug */,
				F4AB66CC196D48C5007C805F /* Release */,
			);
			defaultConfigurationIsVisible = 0;
			defaultConfigurationName = Release;
		};
/* End XCConfigurationList section */
	};
	rootObject = F4AB6686196D48C5007C805F /* Project object */;
}
