// !$*UTF8*$!
{
	archiveVersion = 1;
	classes = {
	};
	objectVersion = 46;
	objects = {

/* Begin PBXBuildFile section */
		F490A683196963630075523A /* AppDelegate.swift in Sources */ = {isa = PBXBuildFile; fileRef = F490A682196963630075523A /* AppDelegate.swift */; };
		F490A685196963630075523A /* ViewController.swift in Sources */ = {isa = PBXBuildFile; fileRef = F490A684196963630075523A /* ViewController.swift */; };
		F490A688196963630075523A /* Main.storyboard in Resources */ = {isa = PBXBuildFile; fileRef = F490A686196963630075523A /* Main.storyboard */; };
		F490A68A196963630075523A /* Images.xcassets in Resources */ = {isa = PBXBuildFile; fileRef = F490A689196963630075523A /* Images.xcassets */; };
		F490A696196963630075523A /* NotificationsSwiftTests.swift in Sources */ = {isa = PBXBuildFile; fileRef = F490A695196963630075523A /* NotificationsSwiftTests.swift */; };
/* End PBXBuildFile section */

/* Begin PBXContainerItemProxy section */
		F490A690196963630075523A /* PBXContainerItemProxy */ = {
			isa = PBXContainerItemProxy;
			containerPortal = F490A675196963630075523A /* Project object */;
			proxyType = 1;
			remoteGlobalIDString = F490A67C196963630075523A;
			remoteInfo = NotificationsSwift;
		};
/* End PBXContainerItemProxy section */

/* Begin PBXFileReference section */
		F490A67D196963630075523A /* NotificationsSwift.app */ = {isa = PBXFileReference; explicitFileType = wrapper.application; includeInIndex = 0; path = NotificationsSwift.app; sourceTree = BUILT_PRODUCTS_DIR; };
		F490A681196963630075523A /* Info.plist */ = {isa = PBXFileReference; lastKnownFileType = text.plist.xml; path = Info.plist; sourceTree = "<group>"; };
		F490A682196963630075523A /* AppDelegate.swift */ = {isa = PBXFileReference; lastKnownFileType = sourcecode.swift; path = AppDelegate.swift; sourceTree = "<group>"; };
		F490A684196963630075523A /* ViewController.swift */ = {isa = PBXFileReference; lastKnownFileType = sourcecode.swift; path = ViewController.swift; sourceTree = "<group>"; };
		F490A687196963630075523A /* Base */ = {isa = PBXFileReference; lastKnownFileType = file.storyboard; name = Base; path = Base.lproj/Main.storyboard; sourceTree = "<group>"; };
		F490A689196963630075523A /* Images.xcassets */ = {isa = PBXFileReference; lastKnownFileType = folder.assetcatalog; path = Images.xcassets; sourceTree = "<group>"; };
		F490A68F196963630075523A /* NotificationsSwiftTests.xctest */ = {isa = PBXFileReference; explicitFileType = wrapper.cfbundle; includeInIndex = 0; path = NotificationsSwiftTests.xctest; sourceTree = BUILT_PRODUCTS_DIR; };
		F490A694196963630075523A /* Info.plist */ = {isa = PBXFileReference; lastKnownFileType = text.plist.xml; path = Info.plist; sourceTree = "<group>"; };
		F490A695196963630075523A /* NotificationsSwiftTests.swift */ = {isa = PBXFileReference; lastKnownFileType = sourcecode.swift; path = NotificationsSwiftTests.swift; sourceTree = "<group>"; };
/* End PBXFileReference section */

/* Begin PBXFrameworksBuildPhase section */
		F490A67A196963630075523A /* Frameworks */ = {
			isa = PBXFrameworksBuildPhase;
			buildActionMask = 2147483647;
			files = (
			);
			runOnlyForDeploymentPostprocessing = 0;
		};
		F490A68C196963630075523A /* Frameworks */ = {
			isa = PBXFrameworksBuildPhase;
			buildActionMask = 2147483647;
			files = (
			);
			runOnlyForDeploymentPostprocessing = 0;
		};
/* End PBXFrameworksBuildPhase section */

/* Begin PBXGroup section */
		F490A674196963630075523A = {
			isa = PBXGroup;
			children = (
				F490A67F196963630075523A /* NotificationsSwift */,
				F490A692196963630075523A /* NotificationsSwiftTests */,
				F490A67E196963630075523A /* Products */,
			);
			sourceTree = "<group>";
		};
		F490A67E196963630075523A /* Products */ = {
			isa = PBXGroup;
			children = (
				F490A67D196963630075523A /* NotificationsSwift.app */,
				F490A68F196963630075523A /* NotificationsSwiftTests.xctest */,
			);
			name = Products;
			sourceTree = "<group>";
		};
		F490A67F196963630075523A /* NotificationsSwift */ = {
			isa = PBXGroup;
			children = (
				F490A682196963630075523A /* AppDelegate.swift */,
				F490A684196963630075523A /* ViewController.swift */,
				F490A686196963630075523A /* Main.storyboard */,
				F490A689196963630075523A /* Images.xcassets */,
				F490A680196963630075523A /* Supporting Files */,
			);
			path = NotificationsSwift;
			sourceTree = "<group>";
		};
		F490A680196963630075523A /* Supporting Files */ = {
			isa = PBXGroup;
			children = (
				F490A681196963630075523A /* Info.plist */,
			);
			name = "Supporting Files";
			sourceTree = "<group>";
		};
		F490A692196963630075523A /* NotificationsSwiftTests */ = {
			isa = PBXGroup;
			children = (
				F490A695196963630075523A /* NotificationsSwiftTests.swift */,
				F490A693196963630075523A /* Supporting Files */,
			);
			path = NotificationsSwiftTests;
			sourceTree = "<group>";
		};
		F490A693196963630075523A /* Supporting Files */ = {
			isa = PBXGroup;
			children = (
				F490A694196963630075523A /* Info.plist */,
			);
			name = "Supporting Files";
			sourceTree = "<group>";
		};
/* End PBXGroup section */

/* Begin PBXNativeTarget section */
		F490A67C196963630075523A /* NotificationsSwift */ = {
			isa = PBXNativeTarget;
			buildConfigurationList = F490A699196963630075523A /* Build configuration list for PBXNativeTarget "NotificationsSwift" */;
			buildPhases = (
				F490A679196963630075523A /* Sources */,
				F490A67A196963630075523A /* Frameworks */,
				F490A67B196963630075523A /* Resources */,
			);
			buildRules = (
			);
			dependencies = (
			);
			name = NotificationsSwift;
			productName = NotificationsSwift;
			productReference = F490A67D196963630075523A /* NotificationsSwift.app */;
			productType = "com.apple.product-type.application";
		};
		F490A68E196963630075523A /* NotificationsSwiftTests */ = {
			isa = PBXNativeTarget;
			buildConfigurationList = F490A69C196963630075523A /* Build configuration list for PBXNativeTarget "NotificationsSwiftTests" */;
			buildPhases = (
				F490A68B196963630075523A /* Sources */,
				F490A68C196963630075523A /* Frameworks */,
				F490A68D196963630075523A /* Resources */,
			);
			buildRules = (
			);
			dependencies = (
				F490A691196963630075523A /* PBXTargetDependency */,
			);
			name = NotificationsSwiftTests;
			productName = NotificationsSwiftTests;
			productReference = F490A68F196963630075523A /* NotificationsSwiftTests.xctest */;
			productType = "com.apple.product-type.bundle.unit-test";
		};
/* End PBXNativeTarget section */

/* Begin PBXProject section */
		F490A675196963630075523A /* Project object */ = {
			isa = PBXProject;
			attributes = {
				LastUpgradeCheck = 0600;
				ORGANIZATIONNAME = "Anthony Castor";
				TargetAttributes = {
					F490A67C196963630075523A = {
						CreatedOnToolsVersion = 6.0;
					};
					F490A68E196963630075523A = {
						CreatedOnToolsVersion = 6.0;
						TestTargetID = F490A67C196963630075523A;
					};
				};
			};
			buildConfigurationList = F490A678196963630075523A /* Build configuration list for PBXProject "NotificationsSwift" */;
			compatibilityVersion = "Xcode 3.2";
			developmentRegion = English;
			hasScannedForEncodings = 0;
			knownRegions = (
				en,
				Base,
			);
			mainGroup = F490A674196963630075523A;
			productRefGroup = F490A67E196963630075523A /* Products */;
			projectDirPath = "";
			projectRoot = "";
			targets = (
				F490A67C196963630075523A /* NotificationsSwift */,
				F490A68E196963630075523A /* NotificationsSwiftTests */,
			);
		};
/* End PBXProject section */

/* Begin PBXResourcesBuildPhase section */
		F490A67B196963630075523A /* Resources */ = {
			isa = PBXResourcesBuildPhase;
			buildActionMask = 2147483647;
			files = (
				F490A688196963630075523A /* Main.storyboard in Resources */,
				F490A68A196963630075523A /* Images.xcassets in Resources */,
			);
			runOnlyForDeploymentPostprocessing = 0;
		};
		F490A68D196963630075523A /* Resources */ = {
			isa = PBXResourcesBuildPhase;
			buildActionMask = 2147483647;
			files = (
			);
			runOnlyForDeploymentPostprocessing = 0;
		};
/* End PBXResourcesBuildPhase section */

/* Begin PBXSourcesBuildPhase section */
		F490A679196963630075523A /* Sources */ = {
			isa = PBXSourcesBuildPhase;
			buildActionMask = 2147483647;
			files = (
				F490A685196963630075523A /* ViewController.swift in Sources */,
				F490A683196963630075523A /* AppDelegate.swift in Sources */,
			);
			runOnlyForDeploymentPostprocessing = 0;
		};
		F490A68B196963630075523A /* Sources */ = {
			isa = PBXSourcesBuildPhase;
			buildActionMask = 2147483647;
			files = (
				F490A696196963630075523A /* NotificationsSwiftTests.swift in Sources */,
			);
			runOnlyForDeploymentPostprocessing = 0;
		};
/* End PBXSourcesBuildPhase section */

/* Begin PBXTargetDependency section */
		F490A691196963630075523A /* PBXTargetDependency */ = {
			isa = PBXTargetDependency;
			target = F490A67C196963630075523A /* NotificationsSwift */;
			targetProxy = F490A690196963630075523A /* PBXContainerItemProxy */;
		};
/* End PBXTargetDependency section */

/* Begin PBXVariantGroup section */
		F490A686196963630075523A /* Main.storyboard */ = {
			isa = PBXVariantGroup;
			children = (
				F490A687196963630075523A /* Base */,
			);
			name = Main.storyboard;
			sourceTree = "<group>";
		};
/* End PBXVariantGroup section */

/* Begin XCBuildConfiguration section */
		F490A697196963630075523A /* Debug */ = {
			isa = XCBuildConfiguration;
			buildSettings = {
				ALWAYS_SEARCH_USER_PATHS = NO;
				CLANG_CXX_LANGUAGE_STANDARD = "gnu++0x";
				CLANG_CXX_LIBRARY = "libc++";
				CLANG_ENABLE_MODULES = YES;
				CLANG_ENABLE_OBJC_ARC = YES;
				CLANG_WARN_BOOL_CONVERSION = YES;
				CLANG_WARN_CONSTANT_CONVERSION = YES;
				CLANG_WARN_DIRECT_OBJC_ISA_USAGE = YES_ERROR;
				CLANG_WARN_EMPTY_BODY = YES;
				CLANG_WARN_ENUM_CONVERSION = YES;
				CLANG_WARN_INT_CONVERSION = YES;
				CLANG_WARN_OBJC_ROOT_CLASS = YES_ERROR;
				CLANG_WARN_UNREACHABLE_CODE = YES;
				CLANG_WARN__DUPLICATE_METHOD_MATCH = YES;
				"CODE_SIGN_IDENTITY[sdk=iphoneos*]" = "iPhone Developer";
				COPY_PHASE_STRIP = NO;
				ENABLE_STRICT_OBJC_MSGSEND = YES;
				GCC_C_LANGUAGE_STANDARD = gnu99;
				GCC_DYNAMIC_NO_PIC = NO;
				GCC_OPTIMIZATION_LEVEL = 0;
				GCC_PREPROCESSOR_DEFINITIONS = (
					"DEBUG=1",
					"$(inherited)",
				);
				GCC_SYMBOLS_PRIVATE_EXTERN = NO;
				GCC_WARN_64_TO_32_BIT_CONVERSION = YES;
				GCC_WARN_ABOUT_RETURN_TYPE = YES_ERROR;
				GCC_WARN_UNDECLARED_SELECTOR = YES;
				GCC_WARN_UNINITIALIZED_AUTOS = YES_AGGRESSIVE;
				GCC_WARN_UNUSED_FUNCTION = YES;
				GCC_WARN_UNUSED_VARIABLE = YES;
				IPHONEOS_DEPLOYMENT_TARGET = 8.0;
				METAL_ENABLE_DEBUG_INFO = YES;
				ONLY_ACTIVE_ARCH = YES;
				SDKROOT = iphoneos;
				SWIFT_OPTIMIZATION_LEVEL = "-Onone";
			};
			name = Debug;
		};
		F490A698196963630075523A /* Release */ = {
			isa = XCBuildConfiguration;
			buildSettings = {
				ALWAYS_SEARCH_USER_PATHS = NO;
				CLANG_CXX_LANGUAGE_STANDARD = "gnu++0x";
				CLANG_CXX_LIBRARY = "libc++";
				CLANG_ENABLE_MODULES = YES;
				CLANG_ENABLE_OBJC_ARC = YES;
				CLANG_WARN_BOOL_CONVERSION = YES;
				CLANG_WARN_CONSTANT_CONVERSION = YES;
				CLANG_WARN_DIRECT_OBJC_ISA_USAGE = YES_ERROR;
				CLANG_WARN_EMPTY_BODY = YES;
				CLANG_WARN_ENUM_CONVERSION = YES;
				CLANG_WARN_INT_CONVERSION = YES;
				CLANG_WARN_OBJC_ROOT_CLASS = YES_ERROR;
				CLANG_WARN_UNREACHABLE_CODE = YES;
				CLANG_WARN__DUPLICATE_METHOD_MATCH = YES;
				"CODE_SIGN_IDENTITY[sdk=iphoneos*]" = "iPhone Developer";
				COPY_PHASE_STRIP = YES;
				ENABLE_NS_ASSERTIONS = NO;
				ENABLE_STRICT_OBJC_MSGSEND = YES;
				GCC_C_LANGUAGE_STANDARD = gnu99;
				GCC_WARN_64_TO_32_BIT_CONVERSION = YES;
				GCC_WARN_ABOUT_RETURN_TYPE = YES_ERROR;
				GCC_WARN_UNDECLARED_SELECTOR = YES;
				GCC_WARN_UNINITIALIZED_AUTOS = YES_AGGRESSIVE;
				GCC_WARN_UNUSED_FUNCTION = YES;
				GCC_WARN_UNUSED_VARIABLE = YES;
				IPHONEOS_DEPLOYMENT_TARGET = 8.0;
				METAL_ENABLE_DEBUG_INFO = NO;
				SDKROOT = iphoneos;
				VALIDATE_PRODUCT = YES;
			};
			name = Release;
		};
		F490A69A196963630075523A /* Debug */ = {
			isa = XCBuildConfiguration;
			buildSettings = {
				ASSETCATALOG_COMPILER_APPICON_NAME = AppIcon;
				ASSETCATALOG_COMPILER_LAUNCHIMAGE_NAME = LaunchImage;
				INFOPLIST_FILE = NotificationsSwift/Info.plist;
				LD_RUNPATH_SEARCH_PATHS = "$(inherited) @executable_path/Frameworks";
				PRODUCT_NAME = "$(TARGET_NAME)";
			};
			name = Debug;
		};
		F490A69B196963630075523A /* Release */ = {
			isa = XCBuildConfiguration;
			buildSettings = {
				ASSETCATALOG_COMPILER_APPICON_NAME = AppIcon;
				ASSETCATALOG_COMPILER_LAUNCHIMAGE_NAME = LaunchImage;
				INFOPLIST_FILE = NotificationsSwift/Info.plist;
				LD_RUNPATH_SEARCH_PATHS = "$(inherited) @executable_path/Frameworks";
				PRODUCT_NAME = "$(TARGET_NAME)";
			};
			name = Release;
		};
		F490A69D196963630075523A /* Debug */ = {
			isa = XCBuildConfiguration;
			buildSettings = {
				BUNDLE_LOADER = "$(BUILT_PRODUCTS_DIR)/NotificationsSwift.app/NotificationsSwift";
				FRAMEWORK_SEARCH_PATHS = (
					"$(SDKROOT)/Developer/Library/Frameworks",
					"$(inherited)",
				);
				GCC_PREPROCESSOR_DEFINITIONS = (
					"DEBUG=1",
					"$(inherited)",
				);
				INFOPLIST_FILE = NotificationsSwiftTests/Info.plist;
				LD_RUNPATH_SEARCH_PATHS = "$(inherited) @executable_path/Frameworks @loader_path/Frameworks";
				METAL_ENABLE_DEBUG_INFO = YES;
				PRODUCT_NAME = "$(TARGET_NAME)";
				TEST_HOST = "$(BUNDLE_LOADER)";
			};
			name = Debug;
		};
		F490A69E196963630075523A /* Release */ = {
			isa = XCBuildConfiguration;
			buildSettings = {
				BUNDLE_LOADER = "$(BUILT_PRODUCTS_DIR)/NotificationsSwift.app/NotificationsSwift";
				FRAMEWORK_SEARCH_PATHS = (
					"$(SDKROOT)/Developer/Library/Frameworks",
					"$(inherited)",
				);
				INFOPLIST_FILE = NotificationsSwiftTests/Info.plist;
				LD_RUNPATH_SEARCH_PATHS = "$(inherited) @executable_path/Frameworks @loader_path/Frameworks";
				METAL_ENABLE_DEBUG_INFO = NO;
				PRODUCT_NAME = "$(TARGET_NAME)";
				TEST_HOST = "$(BUNDLE_LOADER)";
			};
			name = Release;
		};
/* End XCBuildConfiguration section */

/* Begin XCConfigurationList section */
		F490A678196963630075523A /* Build configuration list for PBXProject "NotificationsSwift" */ = {
			isa = XCConfigurationList;
			buildConfigurations = (
				F490A697196963630075523A /* Debug */,
				F490A698196963630075523A /* Release */,
			);
			defaultConfigurationIsVisible = 0;
			defaultConfigurationName = Release;
		};
		F490A699196963630075523A /* Build configuration list for PBXNativeTarget "NotificationsSwift" */ = {
			isa = XCConfigurationList;
			buildConfigurations = (
				F490A69A196963630075523A /* Debug */,
				F490A69B196963630075523A /* Release */,
			);
			defaultConfigurationIsVisible = 0;
		};
		F490A69C196963630075523A /* Build configuration list for PBXNativeTarget "NotificationsSwiftTests" */ = {
			isa = XCConfigurationList;
			buildConfigurations = (
				F490A69D196963630075523A /* Debug */,
				F490A69E196963630075523A /* Release */,
			);
			defaultConfigurationIsVisible = 0;
		};
/* End XCConfigurationList section */
	};
	rootObject = F490A675196963630075523A /* Project object */;
}
