// !$*UTF8*$!
{
	archiveVersion = 1;
	classes = {
	};
	objectVersion = 46;
	objects = {

/* Begin PBXBuildFile section */
		F40D292619739E1F00440158 /* Social.framework in Frameworks */ = {isa = PBXBuildFile; fileRef = F40D292519739E1F00440158 /* Social.framework */; };
		F4D79499192DC77A00C18CA2 /* Foundation.framework in Frameworks */ = {isa = PBXBuildFile; fileRef = F4D79498192DC77A00C18CA2 /* Foundation.framework */; };
		F4D7949B192DC77A00C18CA2 /* CoreGraphics.framework in Frameworks */ = {isa = PBXBuildFile; fileRef = F4D7949A192DC77A00C18CA2 /* CoreGraphics.framework */; };
		F4D7949D192DC77A00C18CA2 /* UIKit.framework in Frameworks */ = {isa = PBXBuildFile; fileRef = F4D7949C192DC77A00C18CA2 /* UIKit.framework */; };
		F4D794A3192DC77A00C18CA2 /* InfoPlist.strings in Resources */ = {isa = PBXBuildFile; fileRef = F4D794A1192DC77A00C18CA2 /* InfoPlist.strings */; };
		F4D794A5192DC77A00C18CA2 /* main.m in Sources */ = {isa = PBXBuildFile; fileRef = F4D794A4192DC77A00C18CA2 /* main.m */; };
		F4D794A9192DC77A00C18CA2 /* AppDelegate.m in Sources */ = {isa = PBXBuildFile; fileRef = F4D794A8192DC77A00C18CA2 /* AppDelegate.m */; };
		F4D794AC192DC77A00C18CA2 /* Main.storyboard in Resources */ = {isa = PBXBuildFile; fileRef = F4D794AA192DC77A00C18CA2 /* Main.storyboard */; };
		F4D794AF192DC77A00C18CA2 /* ViewController.m in Sources */ = {isa = PBXBuildFile; fileRef = F4D794AE192DC77A00C18CA2 /* ViewController.m */; };
		F4D794B1192DC77A00C18CA2 /* Images.xcassets in Resources */ = {isa = PBXBuildFile; fileRef = F4D794B0192DC77A00C18CA2 /* Images.xcassets */; };
		F4D794B8192DC77A00C18CA2 /* XCTest.framework in Frameworks */ = {isa = PBXBuildFile; fileRef = F4D794B7192DC77A00C18CA2 /* XCTest.framework */; };
		F4D794B9192DC77A00C18CA2 /* Foundation.framework in Frameworks */ = {isa = PBXBuildFile; fileRef = F4D79498192DC77A00C18CA2 /* Foundation.framework */; };
		F4D794BA192DC77A00C18CA2 /* UIKit.framework in Frameworks */ = {isa = PBXBuildFile; fileRef = F4D7949C192DC77A00C18CA2 /* UIKit.framework */; };
		F4D794C2192DC77A00C18CA2 /* InfoPlist.strings in Resources */ = {isa = PBXBuildFile; fileRef = F4D794C0192DC77A00C18CA2 /* InfoPlist.strings */; };
		F4D794C4192DC77A00C18CA2 /* TwitterUsingXcodeTests.m in Sources */ = {isa = PBXBuildFile; fileRef = F4D794C3192DC77A00C18CA2 /* TwitterUsingXcodeTests.m */; };
		F4D794CE192DC83C00C18CA2 /* Twitter.framework in Frameworks */ = {isa = PBXBuildFile; fileRef = F4D794CD192DC83C00C18CA2 /* Twitter.framework */; };
/* End PBXBuildFile section */

/* Begin PBXContainerItemProxy section */
		F4D794BB192DC77A00C18CA2 /* PBXContainerItemProxy */ = {
			isa = PBXContainerItemProxy;
			containerPortal = F4D7948D192DC77A00C18CA2 /* Project object */;
			proxyType = 1;
			remoteGlobalIDString = F4D79494192DC77A00C18CA2;
			remoteInfo = TwitterUsingXcode;
		};
/* End PBXContainerItemProxy section */

/* Begin PBXFileReference section */
		F40D292519739E1F00440158 /* Social.framework */ = {isa = PBXFileReference; lastKnownFileType = wrapper.framework; name = Social.framework; path = System/Library/Frameworks/Social.framework; sourceTree = SDKROOT; };
		F4D79495192DC77A00C18CA2 /* TwitterUsingXcode.app */ = {isa = PBXFileReference; explicitFileType = wrapper.application; includeInIndex = 0; path = TwitterUsingXcode.app; sourceTree = BUILT_PRODUCTS_DIR; };
		F4D79498192DC77A00C18CA2 /* Foundation.framework */ = {isa = PBXFileReference; lastKnownFileType = wrapper.framework; name = Foundation.framework; path = System/Library/Frameworks/Foundation.framework; sourceTree = SDKROOT; };
		F4D7949A192DC77A00C18CA2 /* CoreGraphics.framework */ = {isa = PBXFileReference; lastKnownFileType = wrapper.framework; name = CoreGraphics.framework; path = System/Library/Frameworks/CoreGraphics.framework; sourceTree = SDKROOT; };
		F4D7949C192DC77A00C18CA2 /* UIKit.framework */ = {isa = PBXFileReference; lastKnownFileType = wrapper.framework; name = UIKit.framework; path = System/Library/Frameworks/UIKit.framework; sourceTree = SDKROOT; };
		F4D794A0192DC77A00C18CA2 /* TwitterUsingXcode-Info.plist */ = {isa = PBXFileReference; lastKnownFileType = text.plist.xml; path = "TwitterUsingXcode-Info.plist"; sourceTree = "<group>"; };
		F4D794A2192DC77A00C18CA2 /* en */ = {isa = PBXFileReference; lastKnownFileType = text.plist.strings; name = en; path = en.lproj/InfoPlist.strings; sourceTree = "<group>"; };
		F4D794A4192DC77A00C18CA2 /* main.m */ = {isa = PBXFileReference; lastKnownFileType = sourcecode.c.objc; path = main.m; sourceTree = "<group>"; };
		F4D794A6192DC77A00C18CA2 /* TwitterUsingXcode-Prefix.pch */ = {isa = PBXFileReference; lastKnownFileType = sourcecode.c.h; path = "TwitterUsingXcode-Prefix.pch"; sourceTree = "<group>"; };
		F4D794A7192DC77A00C18CA2 /* AppDelegate.h */ = {isa = PBXFileReference; lastKnownFileType = sourcecode.c.h; path = AppDelegate.h; sourceTree = "<group>"; };
		F4D794A8192DC77A00C18CA2 /* AppDelegate.m */ = {isa = PBXFileReference; lastKnownFileType = sourcecode.c.objc; path = AppDelegate.m; sourceTree = "<group>"; };
		F4D794AB192DC77A00C18CA2 /* Base */ = {isa = PBXFileReference; lastKnownFileType = file.storyboard; name = Base; path = Base.lproj/Main.storyboard; sourceTree = "<group>"; };
		F4D794AD192DC77A00C18CA2 /* ViewController.h */ = {isa = PBXFileReference; lastKnownFileType = sourcecode.c.h; path = ViewController.h; sourceTree = "<group>"; };
		F4D794AE192DC77A00C18CA2 /* ViewController.m */ = {isa = PBXFileReference; lastKnownFileType = sourcecode.c.objc; path = ViewController.m; sourceTree = "<group>"; };
		F4D794B0192DC77A00C18CA2 /* Images.xcassets */ = {isa = PBXFileReference; lastKnownFileType = folder.assetcatalog; path = Images.xcassets; sourceTree = "<group>"; };
		F4D794B6192DC77A00C18CA2 /* TwitterUsingXcodeTests.xctest */ = {isa = PBXFileReference; explicitFileType = wrapper.cfbundle; includeInIndex = 0; path = TwitterUsingXcodeTests.xctest; sourceTree = BUILT_PRODUCTS_DIR; };
		F4D794B7192DC77A00C18CA2 /* XCTest.framework */ = {isa = PBXFileReference; lastKnownFileType = wrapper.framework; name = XCTest.framework; path = Library/Frameworks/XCTest.framework; sourceTree = DEVELOPER_DIR; };
		F4D794BF192DC77A00C18CA2 /* TwitterUsingXcodeTests-Info.plist */ = {isa = PBXFileReference; lastKnownFileType = text.plist.xml; path = "TwitterUsingXcodeTests-Info.plist"; sourceTree = "<group>"; };
		F4D794C1192DC77A00C18CA2 /* en */ = {isa = PBXFileReference; lastKnownFileType = text.plist.strings; name = en; path = en.lproj/InfoPlist.strings; sourceTree = "<group>"; };
		F4D794C3192DC77A00C18CA2 /* TwitterUsingXcodeTests.m */ = {isa = PBXFileReference; lastKnownFileType = sourcecode.c.objc; path = TwitterUsingXcodeTests.m; sourceTree = "<group>"; };
		F4D794CD192DC83C00C18CA2 /* Twitter.framework */ = {isa = PBXFileReference; lastKnownFileType = wrapper.framework; name = Twitter.framework; path = System/Library/Frameworks/Twitter.framework; sourceTree = SDKROOT; };
/* End PBXFileReference section */

/* Begin PBXFrameworksBuildPhase section */
		F4D79492192DC77A00C18CA2 /* Frameworks */ = {
			isa = PBXFrameworksBuildPhase;
			buildActionMask = 2147483647;
			files = (
				F40D292619739E1F00440158 /* Social.framework in Frameworks */,
				F4D794CE192DC83C00C18CA2 /* Twitter.framework in Frameworks */,
				F4D7949B192DC77A00C18CA2 /* CoreGraphics.framework in Frameworks */,
				F4D7949D192DC77A00C18CA2 /* UIKit.framework in Frameworks */,
				F4D79499192DC77A00C18CA2 /* Foundation.framework in Frameworks */,
			);
			runOnlyForDeploymentPostprocessing = 0;
		};
		F4D794B3192DC77A00C18CA2 /* Frameworks */ = {
			isa = PBXFrameworksBuildPhase;
			buildActionMask = 2147483647;
			files = (
				F4D794B8192DC77A00C18CA2 /* XCTest.framework in Frameworks */,
				F4D794BA192DC77A00C18CA2 /* UIKit.framework in Frameworks */,
				F4D794B9192DC77A00C18CA2 /* Foundation.framework in Frameworks */,
			);
			runOnlyForDeploymentPostprocessing = 0;
		};
/* End PBXFrameworksBuildPhase section */

/* Begin PBXGroup section */
		F4D7948C192DC77A00C18CA2 = {
			isa = PBXGroup;
			children = (
				F4D7949E192DC77A00C18CA2 /* TwitterUsingXcode */,
				F4D794BD192DC77A00C18CA2 /* TwitterUsingXcodeTests */,
				F4D79497192DC77A00C18CA2 /* Frameworks */,
				F4D79496192DC77A00C18CA2 /* Products */,
			);
			sourceTree = "<group>";
		};
		F4D79496192DC77A00C18CA2 /* Products */ = {
			isa = PBXGroup;
			children = (
				F4D79495192DC77A00C18CA2 /* TwitterUsingXcode.app */,
				F4D794B6192DC77A00C18CA2 /* TwitterUsingXcodeTests.xctest */,
			);
			name = Products;
			sourceTree = "<group>";
		};
		F4D79497192DC77A00C18CA2 /* Frameworks */ = {
			isa = PBXGroup;
			children = (
				F40D292519739E1F00440158 /* Social.framework */,
				F4D794CD192DC83C00C18CA2 /* Twitter.framework */,
				F4D79498192DC77A00C18CA2 /* Foundation.framework */,
				F4D7949A192DC77A00C18CA2 /* CoreGraphics.framework */,
				F4D7949C192DC77A00C18CA2 /* UIKit.framework */,
				F4D794B7192DC77A00C18CA2 /* XCTest.framework */,
			);
			name = Frameworks;
			sourceTree = "<group>";
		};
		F4D7949E192DC77A00C18CA2 /* TwitterUsingXcode */ = {
			isa = PBXGroup;
			children = (
				F4D794A7192DC77A00C18CA2 /* AppDelegate.h */,
				F4D794A8192DC77A00C18CA2 /* AppDelegate.m */,
				F4D794AA192DC77A00C18CA2 /* Main.storyboard */,
				F4D794AD192DC77A00C18CA2 /* ViewController.h */,
				F4D794AE192DC77A00C18CA2 /* ViewController.m */,
				F4D794B0192DC77A00C18CA2 /* Images.xcassets */,
				F4D7949F192DC77A00C18CA2 /* Supporting Files */,
			);
			path = TwitterUsingXcode;
			sourceTree = "<group>";
		};
		F4D7949F192DC77A00C18CA2 /* Supporting Files */ = {
			isa = PBXGroup;
			children = (
				F4D794A0192DC77A00C18CA2 /* TwitterUsingXcode-Info.plist */,
				F4D794A1192DC77A00C18CA2 /* InfoPlist.strings */,
				F4D794A4192DC77A00C18CA2 /* main.m */,
				F4D794A6192DC77A00C18CA2 /* TwitterUsingXcode-Prefix.pch */,
			);
			name = "Supporting Files";
			sourceTree = "<group>";
		};
		F4D794BD192DC77A00C18CA2 /* TwitterUsingXcodeTests */ = {
			isa = PBXGroup;
			children = (
				F4D794C3192DC77A00C18CA2 /* TwitterUsingXcodeTests.m */,
				F4D794BE192DC77A00C18CA2 /* Supporting Files */,
			);
			path = TwitterUsingXcodeTests;
			sourceTree = "<group>";
		};
		F4D794BE192DC77A00C18CA2 /* Supporting Files */ = {
			isa = PBXGroup;
			children = (
				F4D794BF192DC77A00C18CA2 /* TwitterUsingXcodeTests-Info.plist */,
				F4D794C0192DC77A00C18CA2 /* InfoPlist.strings */,
			);
			name = "Supporting Files";
			sourceTree = "<group>";
		};
/* End PBXGroup section */

/* Begin PBXNativeTarget section */
		F4D79494192DC77A00C18CA2 /* TwitterUsingXcode */ = {
			isa = PBXNativeTarget;
			buildConfigurationList = F4D794C7192DC77A00C18CA2 /* Build configuration list for PBXNativeTarget "TwitterUsingXcode" */;
			buildPhases = (
				F4D79491192DC77A00C18CA2 /* Sources */,
				F4D79492192DC77A00C18CA2 /* Frameworks */,
				F4D79493192DC77A00C18CA2 /* Resources */,
			);
			buildRules = (
			);
			dependencies = (
			);
			name = TwitterUsingXcode;
			productName = TwitterUsingXcode;
			productReference = F4D79495192DC77A00C18CA2 /* TwitterUsingXcode.app */;
			productType = "com.apple.product-type.application";
		};
		F4D794B5192DC77A00C18CA2 /* TwitterUsingXcodeTests */ = {
			isa = PBXNativeTarget;
			buildConfigurationList = F4D794CA192DC77A00C18CA2 /* Build configuration list for PBXNativeTarget "TwitterUsingXcodeTests" */;
			buildPhases = (
				F4D794B2192DC77A00C18CA2 /* Sources */,
				F4D794B3192DC77A00C18CA2 /* Frameworks */,
				F4D794B4192DC77A00C18CA2 /* Resources */,
			);
			buildRules = (
			);
			dependencies = (
				F4D794BC192DC77A00C18CA2 /* PBXTargetDependency */,
			);
			name = TwitterUsingXcodeTests;
			productName = TwitterUsingXcodeTests;
			productReference = F4D794B6192DC77A00C18CA2 /* TwitterUsingXcodeTests.xctest */;
			productType = "com.apple.product-type.bundle.unit-test";
		};
/* End PBXNativeTarget section */

/* Begin PBXProject section */
		F4D7948D192DC77A00C18CA2 /* Project object */ = {
			isa = PBXProject;
			attributes = {
				LastUpgradeCheck = 0510;
				ORGANIZATIONNAME = "Anthony Castor";
				TargetAttributes = {
					F4D794B5192DC77A00C18CA2 = {
						TestTargetID = F4D79494192DC77A00C18CA2;
					};
				};
			};
			buildConfigurationList = F4D79490192DC77A00C18CA2 /* Build configuration list for PBXProject "TwitterUsingXcode" */;
			compatibilityVersion = "Xcode 3.2";
			developmentRegion = English;
			hasScannedForEncodings = 0;
			knownRegions = (
				en,
				Base,
			);
			mainGroup = F4D7948C192DC77A00C18CA2;
			productRefGroup = F4D79496192DC77A00C18CA2 /* Products */;
			projectDirPath = "";
			projectRoot = "";
			targets = (
				F4D79494192DC77A00C18CA2 /* TwitterUsingXcode */,
				F4D794B5192DC77A00C18CA2 /* TwitterUsingXcodeTests */,
			);
		};
/* End PBXProject section */

/* Begin PBXResourcesBuildPhase section */
		F4D79493192DC77A00C18CA2 /* Resources */ = {
			isa = PBXResourcesBuildPhase;
			buildActionMask = 2147483647;
			files = (
				F4D794B1192DC77A00C18CA2 /* Images.xcassets in Resources */,
				F4D794A3192DC77A00C18CA2 /* InfoPlist.strings in Resources */,
				F4D794AC192DC77A00C18CA2 /* Main.storyboard in Resources */,
			);
			runOnlyForDeploymentPostprocessing = 0;
		};
		F4D794B4192DC77A00C18CA2 /* Resources */ = {
			isa = PBXResourcesBuildPhase;
			buildActionMask = 2147483647;
			files = (
				F4D794C2192DC77A00C18CA2 /* InfoPlist.strings in Resources */,
			);
			runOnlyForDeploymentPostprocessing = 0;
		};
/* End PBXResourcesBuildPhase section */

/* Begin PBXSourcesBuildPhase section */
		F4D79491192DC77A00C18CA2 /* Sources */ = {
			isa = PBXSourcesBuildPhase;
			buildActionMask = 2147483647;
			files = (
				F4D794AF192DC77A00C18CA2 /* ViewController.m in Sources */,
				F4D794A9192DC77A00C18CA2 /* AppDelegate.m in Sources */,
				F4D794A5192DC77A00C18CA2 /* main.m in Sources */,
			);
			runOnlyForDeploymentPostprocessing = 0;
		};
		F4D794B2192DC77A00C18CA2 /* Sources */ = {
			isa = PBXSourcesBuildPhase;
			buildActionMask = 2147483647;
			files = (
				F4D794C4192DC77A00C18CA2 /* TwitterUsingXcodeTests.m in Sources */,
			);
			runOnlyForDeploymentPostprocessing = 0;
		};
/* End PBXSourcesBuildPhase section */

/* Begin PBXTargetDependency section */
		F4D794BC192DC77A00C18CA2 /* PBXTargetDependency */ = {
			isa = PBXTargetDependency;
			target = F4D79494192DC77A00C18CA2 /* TwitterUsingXcode */;
			targetProxy = F4D794BB192DC77A00C18CA2 /* PBXContainerItemProxy */;
		};
/* End PBXTargetDependency section */

/* Begin PBXVariantGroup section */
		F4D794A1192DC77A00C18CA2 /* InfoPlist.strings */ = {
			isa = PBXVariantGroup;
			children = (
				F4D794A2192DC77A00C18CA2 /* en */,
			);
			name = InfoPlist.strings;
			sourceTree = "<group>";
		};
		F4D794AA192DC77A00C18CA2 /* Main.storyboard */ = {
			isa = PBXVariantGroup;
			children = (
				F4D794AB192DC77A00C18CA2 /* Base */,
			);
			name = Main.storyboard;
			sourceTree = "<group>";
		};
		F4D794C0192DC77A00C18CA2 /* InfoPlist.strings */ = {
			isa = PBXVariantGroup;
			children = (
				F4D794C1192DC77A00C18CA2 /* en */,
			);
			name = InfoPlist.strings;
			sourceTree = "<group>";
		};
/* End PBXVariantGroup section */

/* Begin XCBuildConfiguration section */
		F4D794C5192DC77A00C18CA2 /* Debug */ = {
			isa = XCBuildConfiguration;
			buildSettings = {
				ALWAYS_SEARCH_USER_PATHS = NO;
				CLANG_CXX_LANGUAGE_STANDARD = "gnu++0x";
				CLANG_CXX_LIBRARY = "libc++";
				CLANG_ENABLE_MODULES = YES;
				CLANG_ENABLE_OBJC_ARC = YES;
				CLANG_WARN_BOOL_CONVERSION = YES;
				CLANG_WARN_CONSTANT_CONVERSION = YES;
				CLANG_WARN_DIRECT_OBJC_ISA_USAGE = YES_ERROR;
				CLANG_WARN_EMPTY_BODY = YES;
				CLANG_WARN_ENUM_CONVERSION = YES;
				CLANG_WARN_INT_CONVERSION = YES;
				CLANG_WARN_OBJC_ROOT_CLASS = YES_ERROR;
				CLANG_WARN__DUPLICATE_METHOD_MATCH = YES;
				"CODE_SIGN_IDENTITY[sdk=iphoneos*]" = "iPhone Developer";
				COPY_PHASE_STRIP = NO;
				GCC_C_LANGUAGE_STANDARD = gnu99;
				GCC_DYNAMIC_NO_PIC = NO;
				GCC_OPTIMIZATION_LEVEL = 0;
				GCC_PREPROCESSOR_DEFINITIONS = (
					"DEBUG=1",
					"$(inherited)",
				);
				GCC_SYMBOLS_PRIVATE_EXTERN = NO;
				GCC_WARN_64_TO_32_BIT_CONVERSION = YES;
				GCC_WARN_ABOUT_RETURN_TYPE = YES_ERROR;
				GCC_WARN_UNDECLARED_SELECTOR = YES;
				GCC_WARN_UNINITIALIZED_AUTOS = YES_AGGRESSIVE;
				GCC_WARN_UNUSED_FUNCTION = YES;
				GCC_WARN_UNUSED_VARIABLE = YES;
				IPHONEOS_DEPLOYMENT_TARGET = 7.1;
				ONLY_ACTIVE_ARCH = YES;
				SDKROOT = iphoneos;
			};
			name = Debug;
		};
		F4D794C6192DC77A00C18CA2 /* Release */ = {
			isa = XCBuildConfiguration;
			buildSettings = {
				ALWAYS_SEARCH_USER_PATHS = NO;
				CLANG_CXX_LANGUAGE_STANDARD = "gnu++0x";
				CLANG_CXX_LIBRARY = "libc++";
				CLANG_ENABLE_MODULES = YES;
				CLANG_ENABLE_OBJC_ARC = YES;
				CLANG_WARN_BOOL_CONVERSION = YES;
				CLANG_WARN_CONSTANT_CONVERSION = YES;
				CLANG_WARN_DIRECT_OBJC_ISA_USAGE = YES_ERROR;
				CLANG_WARN_EMPTY_BODY = YES;
				CLANG_WARN_ENUM_CONVERSION = YES;
				CLANG_WARN_INT_CONVERSION = YES;
				CLANG_WARN_OBJC_ROOT_CLASS = YES_ERROR;
				CLANG_WARN__DUPLICATE_METHOD_MATCH = YES;
				"CODE_SIGN_IDENTITY[sdk=iphoneos*]" = "iPhone Developer";
				COPY_PHASE_STRIP = YES;
				ENABLE_NS_ASSERTIONS = NO;
				GCC_C_LANGUAGE_STANDARD = gnu99;
				GCC_WARN_64_TO_32_BIT_CONVERSION = YES;
				GCC_WARN_ABOUT_RETURN_TYPE = YES_ERROR;
				GCC_WARN_UNDECLARED_SELECTOR = YES;
				GCC_WARN_UNINITIALIZED_AUTOS = YES_AGGRESSIVE;
				GCC_WARN_UNUSED_FUNCTION = YES;
				GCC_WARN_UNUSED_VARIABLE = YES;
				IPHONEOS_DEPLOYMENT_TARGET = 7.1;
				SDKROOT = iphoneos;
				VALIDATE_PRODUCT = YES;
			};
			name = Release;
		};
		F4D794C8192DC77A00C18CA2 /* Debug */ = {
			isa = XCBuildConfiguration;
			buildSettings = {
				ASSETCATALOG_COMPILER_APPICON_NAME = AppIcon;
				ASSETCATALOG_COMPILER_LAUNCHIMAGE_NAME = LaunchImage;
				GCC_PRECOMPILE_PREFIX_HEADER = YES;
				GCC_PREFIX_HEADER = "TwitterUsingXcode/TwitterUsingXcode-Prefix.pch";
				INFOPLIST_FILE = "TwitterUsingXcode/TwitterUsingXcode-Info.plist";
				PRODUCT_NAME = "$(TARGET_NAME)";
				WRAPPER_EXTENSION = app;
			};
			name = Debug;
		};
		F4D794C9192DC77A00C18CA2 /* Release */ = {
			isa = XCBuildConfiguration;
			buildSettings = {
				ASSETCATALOG_COMPILER_APPICON_NAME = AppIcon;
				ASSETCATALOG_COMPILER_LAUNCHIMAGE_NAME = LaunchImage;
				GCC_PRECOMPILE_PREFIX_HEADER = YES;
				GCC_PREFIX_HEADER = "TwitterUsingXcode/TwitterUsingXcode-Prefix.pch";
				INFOPLIST_FILE = "TwitterUsingXcode/TwitterUsingXcode-Info.plist";
				PRODUCT_NAME = "$(TARGET_NAME)";
				WRAPPER_EXTENSION = app;
			};
			name = Release;
		};
		F4D794CB192DC77A00C18CA2 /* Debug */ = {
			isa = XCBuildConfiguration;
			buildSettings = {
				BUNDLE_LOADER = "$(BUILT_PRODUCTS_DIR)/TwitterUsingXcode.app/TwitterUsingXcode";
				FRAMEWORK_SEARCH_PATHS = (
					"$(SDKROOT)/Developer/Library/Frameworks",
					"$(inherited)",
					"$(DEVELOPER_FRAMEWORKS_DIR)",
				);
				GCC_PRECOMPILE_PREFIX_HEADER = YES;
				GCC_PREFIX_HEADER = "TwitterUsingXcode/TwitterUsingXcode-Prefix.pch";
				GCC_PREPROCESSOR_DEFINITIONS = (
					"DEBUG=1",
					"$(inherited)",
				);
				INFOPLIST_FILE = "TwitterUsingXcodeTests/TwitterUsingXcodeTests-Info.plist";
				PRODUCT_NAME = "$(TARGET_NAME)";
				TEST_HOST = "$(BUNDLE_LOADER)";
				WRAPPER_EXTENSION = xctest;
			};
			name = Debug;
		};
		F4D794CC192DC77A00C18CA2 /* Release */ = {
			isa = XCBuildConfiguration;
			buildSettings = {
				BUNDLE_LOADER = "$(BUILT_PRODUCTS_DIR)/TwitterUsingXcode.app/TwitterUsingXcode";
				FRAMEWORK_SEARCH_PATHS = (
					"$(SDKROOT)/Developer/Library/Frameworks",
					"$(inherited)",
					"$(DEVELOPER_FRAMEWORKS_DIR)",
				);
				GCC_PRECOMPILE_PREFIX_HEADER = YES;
				GCC_PREFIX_HEADER = "TwitterUsingXcode/TwitterUsingXcode-Prefix.pch";
				INFOPLIST_FILE = "TwitterUsingXcodeTests/TwitterUsingXcodeTests-Info.plist";
				PRODUCT_NAME = "$(TARGET_NAME)";
				TEST_HOST = "$(BUNDLE_LOADER)";
				WRAPPER_EXTENSION = xctest;
			};
			name = Release;
		};
/* End XCBuildConfiguration section */

/* Begin XCConfigurationList section */
		F4D79490192DC77A00C18CA2 /* Build configuration list for PBXProject "TwitterUsingXcode" */ = {
			isa = XCConfigurationList;
			buildConfigurations = (
				F4D794C5192DC77A00C18CA2 /* Debug */,
				F4D794C6192DC77A00C18CA2 /* Release */,
			);
			defaultConfigurationIsVisible = 0;
			defaultConfigurationName = Release;
		};
		F4D794C7192DC77A00C18CA2 /* Build configuration list for PBXNativeTarget "TwitterUsingXcode" */ = {
			isa = XCConfigurationList;
			buildConfigurations = (
				F4D794C8192DC77A00C18CA2 /* Debug */,
				F4D794C9192DC77A00C18CA2 /* Release */,
			);
			defaultConfigurationIsVisible = 0;
			defaultConfigurationName = Release;
		};
		F4D794CA192DC77A00C18CA2 /* Build configuration list for PBXNativeTarget "TwitterUsingXcodeTests" */ = {
			isa = XCConfigurationList;
			buildConfigurations = (
				F4D794CB192DC77A00C18CA2 /* Debug */,
				F4D794CC192DC77A00C18CA2 /* Release */,
			);
			defaultConfigurationIsVisible = 0;
			defaultConfigurationName = Release;
		};
/* End XCConfigurationList section */
	};
	rootObject = F4D7948D192DC77A00C18CA2 /* Project object */;
}
